// !$*UTF8*$!
{
	archiveVersion = 1;
	classes = {
	};
	objectVersion = 46;
	objects = {

/* Begin PBXBuildFile section */
		B531F5B818C219A500E65397 /* ShakeAnimation.h in Headers */ = {isa = PBXBuildFile; fileRef = B531F5B618C219A500E65397 /* ShakeAnimation.h */; };
		B531F5B918C219A500E65397 /* ShakeAnimation.m in Sources */ = {isa = PBXBuildFile; fileRef = B531F5B718C219A500E65397 /* ShakeAnimation.m */; };
		B531F5EA18C2316D00E65397 /* WDResources.h in Headers */ = {isa = PBXBuildFile; fileRef = B531F5E818C2316D00E65397 /* WDResources.h */; };
		B531F5EB18C2316D00E65397 /* WDResources.m in Sources */ = {isa = PBXBuildFile; fileRef = B531F5E918C2316D00E65397 /* WDResources.m */; };
		B53AA449155ED4B900745650 /* Security.framework in Frameworks */ = {isa = PBXBuildFile; fileRef = B53AA448155ED4B900745650 /* Security.framework */; };
		B595170018C2676C00FE2026 /* WDRegistrationWindow.xib in Resources */ = {isa = PBXBuildFile; fileRef = B59516FE18C2676C00FE2026 /* WDRegistrationWindow.xib */; };
		B595170518C267FD00FE2026 /* WDSerialEntry.xib in Resources */ = {isa = PBXBuildFile; fileRef = B595170318C267FD00FE2026 /* WDSerialEntry.xib */; };
		B595170818C2681200FE2026 /* WDRegistrationStatus.xib in Resources */ = {isa = PBXBuildFile; fileRef = B595170618C2681200FE2026 /* WDRegistrationStatus.xib */; };
		B595170F18C268E100FE2026 /* Localizable.strings in Resources */ = {isa = PBXBuildFile; fileRef = B595170D18C268E100FE2026 /* Localizable.strings */; };
		B595171318C2696E00FE2026 /* WatchdogResources.bundle in Resources */ = {isa = PBXBuildFile; fileRef = B59516E318C2665100FE2026 /* WatchdogResources.bundle */; };
		B5C91ADE14F568DC009696B3 /* QuartzCore.framework in Frameworks */ = {isa = PBXBuildFile; fileRef = B5C91ADD14F568DC009696B3 /* QuartzCore.framework */; };
		B5DBD727175FABBA001F4709 /* SenTestingKit.framework in Frameworks */ = {isa = PBXBuildFile; fileRef = B5DBD726175FABBA001F4709 /* SenTestingKit.framework */; };
		B5DBD728175FABBA001F4709 /* Cocoa.framework in Frameworks */ = {isa = PBXBuildFile; fileRef = B5F0B4EB14F54B8B0069FFAF /* Cocoa.framework */; };
		B5DBD735175FABBA001F4709 /* WatchdogTests.m in Sources */ = {isa = PBXBuildFile; fileRef = B5DBD734175FABBA001F4709 /* WatchdogTests.m */; };
		B5DBD746175FAC27001F4709 /* libSpecta.a in Frameworks */ = {isa = PBXBuildFile; fileRef = B5DBD745175FAC27001F4709 /* libSpecta.a */; };
		B5DBD769175FAD1D001F4709 /* libExpecta.a in Frameworks */ = {isa = PBXBuildFile; fileRef = B5DBD766175FAD1D001F4709 /* libExpecta.a */; };
		B5DBD76D175FB2A2001F4709 /* Watchdog.framework in Frameworks */ = {isa = PBXBuildFile; fileRef = B5F0B4E814F54B8B0069FFAF /* Watchdog.framework */; };
		B5DBD77E17608864001F4709 /* WDPlistConstants.m in Sources */ = {isa = PBXBuildFile; fileRef = B5DBD77D17608864001F4709 /* WDPlistConstants.m */; };
		B5DBD7BC1760B831001F4709 /* 1024-private.pem in Resources */ = {isa = PBXBuildFile; fileRef = B5DBD7BB1760B831001F4709 /* 1024-private.pem */; };
		B5DBD7BE1760B841001F4709 /* 2048-private.pem in Resources */ = {isa = PBXBuildFile; fileRef = B5DBD7BD1760B841001F4709 /* 2048-private.pem */; };
		B5DBD7C01760B84C001F4709 /* secp384r1-private.pem in Resources */ = {isa = PBXBuildFile; fileRef = B5DBD7BF1760B84C001F4709 /* secp384r1-private.pem */; };
		B5DBD7C21760B855001F4709 /* secp521r1-private.pem in Resources */ = {isa = PBXBuildFile; fileRef = B5DBD7C11760B855001F4709 /* secp521r1-private.pem */; };
		B5DBD7C41760B891001F4709 /* 1024-public.pem in Resources */ = {isa = PBXBuildFile; fileRef = B5DBD7C31760B891001F4709 /* 1024-public.pem */; };
		B5DBD7C61760B897001F4709 /* 2048-public.pem in Resources */ = {isa = PBXBuildFile; fileRef = B5DBD7C51760B897001F4709 /* 2048-public.pem */; };
		B5DBD7C81760B8E8001F4709 /* secp384r1-public.pem in Resources */ = {isa = PBXBuildFile; fileRef = B5DBD7C71760B8E8001F4709 /* secp384r1-public.pem */; };
		B5DBD7CA1760B8EF001F4709 /* secp521r1-public.pem in Resources */ = {isa = PBXBuildFile; fileRef = B5DBD7C91760B8EF001F4709 /* secp521r1-public.pem */; };
		B5DBD7CC1760B953001F4709 /* secp384r1-data.plist in Resources */ = {isa = PBXBuildFile; fileRef = B5DBD7CB1760B953001F4709 /* secp384r1-data.plist */; };
		B5DBD7CE1760B96D001F4709 /* secp521r1-data.plist in Resources */ = {isa = PBXBuildFile; fileRef = B5DBD7CD1760B96D001F4709 /* secp521r1-data.plist */; };
		B5DBD7D01760B97D001F4709 /* 1024-data.plist in Resources */ = {isa = PBXBuildFile; fileRef = B5DBD7CF1760B97D001F4709 /* 1024-data.plist */; };
		B5DBD7D21760B98C001F4709 /* 2048-data.plist in Resources */ = {isa = PBXBuildFile; fileRef = B5DBD7D11760B98C001F4709 /* 2048-data.plist */; };
		B5E036BB159F8CBC00007230 /* WDRegistrationStatusController.m in Sources */ = {isa = PBXBuildFile; fileRef = B5E036BC159F8CBC00007230 /* WDRegistrationStatusController.m */; };
		B5F0B4EC14F54B8B0069FFAF /* Cocoa.framework in Frameworks */ = {isa = PBXBuildFile; fileRef = B5F0B4EB14F54B8B0069FFAF /* Cocoa.framework */; };
		B5F614FC14F54EB500C8565A /* WDRegistrationController.h in Headers */ = {isa = PBXBuildFile; fileRef = B5F614EF14F54EB500C8565A /* WDRegistrationController.h */; settings = {ATTRIBUTES = (Public, ); }; };
		B5F614FD14F54EB500C8565A /* WDRegistrationController.m in Sources */ = {isa = PBXBuildFile; fileRef = B5F614F014F54EB500C8565A /* WDRegistrationController.m */; };
		B5F614FF14F54EB500C8565A /* WDSerialEntryController.h in Headers */ = {isa = PBXBuildFile; fileRef = B5F614F214F54EB500C8565A /* WDSerialEntryController.h */; };
		B5F6150014F54EB500C8565A /* WDSerialEntryController.m in Sources */ = {isa = PBXBuildFile; fileRef = B5F614F314F54EB500C8565A /* WDSerialEntryController.m */; };
		B5F6150214F54EB500C8565A /* WDRegistrationStatusController.h in Headers */ = {isa = PBXBuildFile; fileRef = B5F614F514F54EB500C8565A /* WDRegistrationStatusController.h */; };
		B5F6150714F54EB500C8565A /* WDRegistrationWindowController.h in Headers */ = {isa = PBXBuildFile; fileRef = B5F614FA14F54EB500C8565A /* WDRegistrationWindowController.h */; };
		B5F6150814F54EB500C8565A /* WDRegistrationWindowController.m in Sources */ = {isa = PBXBuildFile; fileRef = B5F614FB14F54EB500C8565A /* WDRegistrationWindowController.m */; };
		B5F6150A14F54F0400C8565A /* Watchdog.h in Headers */ = {isa = PBXBuildFile; fileRef = B5F6150914F54F0400C8565A /* Watchdog.h */; settings = {ATTRIBUTES = (Public, ); }; };
/* End PBXBuildFile section */

/* Begin PBXContainerItemProxy section */
		B595171118C2696500FE2026 /* PBXContainerItemProxy */ = {
			isa = PBXContainerItemProxy;
			containerPortal = B5F0B4DE14F54B8B0069FFAF /* Project object */;
			proxyType = 1;
			remoteGlobalIDString = B59516E218C2665100FE2026;
			remoteInfo = WatchdogResources;
		};
		B5DBD76B175FB29B001F4709 /* PBXContainerItemProxy */ = {
			isa = PBXContainerItemProxy;
			containerPortal = B5F0B4DE14F54B8B0069FFAF /* Project object */;
			proxyType = 1;
			remoteGlobalIDString = B5F0B4E714F54B8B0069FFAF;
			remoteInfo = Watchdog;
		};
/* End PBXContainerItemProxy section */

/* Begin PBXFileReference section */
		B531F5B618C219A500E65397 /* ShakeAnimation.h */ = {isa = PBXFileReference; fileEncoding = 4; lastKnownFileType = sourcecode.c.h; path = ShakeAnimation.h; sourceTree = "<group>"; };
		B531F5B718C219A500E65397 /* ShakeAnimation.m */ = {isa = PBXFileReference; fileEncoding = 4; lastKnownFileType = sourcecode.c.objc; path = ShakeAnimation.m; sourceTree = "<group>"; };
		B531F5BC18C21D7F00E65397 /* Watchdog.podspec */ = {isa = PBXFileReference; lastKnownFileType = text; path = Watchdog.podspec; sourceTree = "<group>"; };
		B531F5E818C2316D00E65397 /* WDResources.h */ = {isa = PBXFileReference; fileEncoding = 4; lastKnownFileType = sourcecode.c.h; path = WDResources.h; sourceTree = "<group>"; };
		B531F5E918C2316D00E65397 /* WDResources.m */ = {isa = PBXFileReference; fileEncoding = 4; lastKnownFileType = sourcecode.c.objc; path = WDResources.m; sourceTree = "<group>"; };
		B53AA448155ED4B900745650 /* Security.framework */ = {isa = PBXFileReference; lastKnownFileType = wrapper.framework; name = Security.framework; path = ../../../../System/Library/Frameworks/Security.framework; sourceTree = "<group>"; };
		B5421805175F8973008D056B /* Readme.md */ = {isa = PBXFileReference; lastKnownFileType = text; path = Readme.md; sourceTree = "<group>"; };
		B5421806175F8973008D056B /* License.md */ = {isa = PBXFileReference; lastKnownFileType = text; path = License.md; sourceTree = "<group>"; };
		B59516E318C2665100FE2026 /* WatchdogResources.bundle */ = {isa = PBXFileReference; explicitFileType = wrapper.cfbundle; includeInIndex = 0; path = WatchdogResources.bundle; sourceTree = BUILT_PRODUCTS_DIR; };
		B59516E618C2665100FE2026 /* Foundation.framework */ = {isa = PBXFileReference; lastKnownFileType = wrapper.framework; name = Foundation.framework; path = System/Library/Frameworks/Foundation.framework; sourceTree = SDKROOT; };
		B59516E718C2665100FE2026 /* CoreData.framework */ = {isa = PBXFileReference; lastKnownFileType = wrapper.framework; name = CoreData.framework; path = System/Library/Frameworks/CoreData.framework; sourceTree = SDKROOT; };
		B59516E818C2665100FE2026 /* AppKit.framework */ = {isa = PBXFileReference; lastKnownFileType = wrapper.framework; name = AppKit.framework; path = System/Library/Frameworks/AppKit.framework; sourceTree = SDKROOT; };
		B59516EB18C2665100FE2026 /* WatchdogResources-Info.plist */ = {isa = PBXFileReference; lastKnownFileType = text.plist.xml; path = "WatchdogResources-Info.plist"; sourceTree = "<group>"; };
		B59516FF18C2676C00FE2026 /* Base */ = {isa = PBXFileReference; lastKnownFileType = file.xib; name = Base; path = Resources/Base.lproj/WDRegistrationWindow.xib; sourceTree = SOURCE_ROOT; };
		B595170118C2677E00FE2026 /* en */ = {isa = PBXFileReference; fileEncoding = 4; lastKnownFileType = text.plist.strings; name = en; path = Resources/en.lproj/WDRegistrationWindow.strings; sourceTree = SOURCE_ROOT; };
		B595170218C267BE00FE2026 /* ru */ = {isa = PBXFileReference; fileEncoding = 10; lastKnownFileType = text.plist.strings; name = ru; path = Resources/ru.lproj/WDRegistrationWindow.strings; sourceTree = SOURCE_ROOT; };
		B595170418C267FD00FE2026 /* Base */ = {isa = PBXFileReference; lastKnownFileType = file.xib; name = Base; path = Resources/Base.lproj/WDSerialEntry.xib; sourceTree = SOURCE_ROOT; };
		B595170718C2681200FE2026 /* Base */ = {isa = PBXFileReference; lastKnownFileType = file.xib; name = Base; path = Resources/Base.lproj/WDRegistrationStatus.xib; sourceTree = SOURCE_ROOT; };
		B595170918C2682800FE2026 /* en */ = {isa = PBXFileReference; lastKnownFileType = text.plist.strings; name = en; path = Resources/en.lproj/WDSerialEntry.strings; sourceTree = SOURCE_ROOT; };
		B595170A18C2682B00FE2026 /* ru */ = {isa = PBXFileReference; lastKnownFileType = text.plist.strings; name = ru; path = Resources/ru.lproj/WDSerialEntry.strings; sourceTree = SOURCE_ROOT; };
		B595170B18C2683400FE2026 /* en */ = {isa = PBXFileReference; lastKnownFileType = text.plist.strings; name = en; path = Resources/en.lproj/WDRegistrationStatus.strings; sourceTree = SOURCE_ROOT; };
		B595170C18C2683600FE2026 /* ru */ = {isa = PBXFileReference; lastKnownFileType = text.plist.strings; name = ru; path = Resources/ru.lproj/WDRegistrationStatus.strings; sourceTree = SOURCE_ROOT; };
		B595170E18C268E100FE2026 /* en */ = {isa = PBXFileReference; lastKnownFileType = text.plist.strings; name = en; path = Resources/en.lproj/Localizable.strings; sourceTree = "<group>"; };
		B595171018C268E400FE2026 /* ru */ = {isa = PBXFileReference; lastKnownFileType = text.plist.strings; name = ru; path = Resources/ru.lproj/Localizable.strings; sourceTree = "<group>"; };
		B5C91ADD14F568DC009696B3 /* QuartzCore.framework */ = {isa = PBXFileReference; lastKnownFileType = wrapper.framework; name = QuartzCore.framework; path = System/Library/Frameworks/QuartzCore.framework; sourceTree = SDKROOT; };
		B5DAA40E1761D86100A82BF8 /* WDRegistrationStatusController+Private.h */ = {isa = PBXFileReference; lastKnownFileType = sourcecode.c.h; path = "WDRegistrationStatusController+Private.h"; sourceTree = SOURCE_ROOT; };
		B5DAA40F1761D8C000A82BF8 /* WDSerialEntryController+Private.h */ = {isa = PBXFileReference; lastKnownFileType = sourcecode.c.h; path = "WDSerialEntryController+Private.h"; sourceTree = SOURCE_ROOT; };
		B5DBD725175FABBA001F4709 /* WatchdogTests.octest */ = {isa = PBXFileReference; explicitFileType = wrapper.cfbundle; includeInIndex = 0; path = WatchdogTests.octest; sourceTree = BUILT_PRODUCTS_DIR; };
		B5DBD726175FABBA001F4709 /* SenTestingKit.framework */ = {isa = PBXFileReference; lastKnownFileType = wrapper.framework; name = SenTestingKit.framework; path = Library/Frameworks/SenTestingKit.framework; sourceTree = DEVELOPER_DIR; };
		B5DBD72F175FABBA001F4709 /* WatchdogTests-Info.plist */ = {isa = PBXFileReference; lastKnownFileType = text.plist.xml; path = "WatchdogTests-Info.plist"; sourceTree = "<group>"; };
		B5DBD733175FABBA001F4709 /* WatchdogTests.h */ = {isa = PBXFileReference; lastKnownFileType = sourcecode.c.h; path = WatchdogTests.h; sourceTree = "<group>"; };
		B5DBD734175FABBA001F4709 /* WatchdogTests.m */ = {isa = PBXFileReference; lastKnownFileType = sourcecode.c.objc; path = WatchdogTests.m; sourceTree = "<group>"; };
		B5DBD736175FABBA001F4709 /* WatchdogTests-Prefix.pch */ = {isa = PBXFileReference; lastKnownFileType = sourcecode.c.h; path = "WatchdogTests-Prefix.pch"; sourceTree = "<group>"; };
		B5DBD73A175FAC01001F4709 /* Specta-Prefix.pch */ = {isa = PBXFileReference; fileEncoding = 4; lastKnownFileType = sourcecode.c.h; name = "Specta-Prefix.pch"; path = "specta/build/Release/Specta-Prefix.pch"; sourceTree = SOURCE_ROOT; };
		B5DBD73B175FAC01001F4709 /* Specta.h */ = {isa = PBXFileReference; fileEncoding = 4; lastKnownFileType = sourcecode.c.h; name = Specta.h; path = specta/build/Release/Specta.h; sourceTree = SOURCE_ROOT; };
		B5DBD73C175FAC01001F4709 /* SpectaSupport.h */ = {isa = PBXFileReference; fileEncoding = 4; lastKnownFileType = sourcecode.c.h; name = SpectaSupport.h; path = specta/build/Release/SpectaSupport.h; sourceTree = SOURCE_ROOT; };
		B5DBD73D175FAC01001F4709 /* SpectaTypes.h */ = {isa = PBXFileReference; fileEncoding = 4; lastKnownFileType = sourcecode.c.h; name = SpectaTypes.h; path = specta/build/Release/SpectaTypes.h; sourceTree = SOURCE_ROOT; };
		B5DBD73E175FAC01001F4709 /* SpectaUtility.h */ = {isa = PBXFileReference; fileEncoding = 4; lastKnownFileType = sourcecode.c.h; name = SpectaUtility.h; path = specta/build/Release/SpectaUtility.h; sourceTree = SOURCE_ROOT; };
		B5DBD73F175FAC01001F4709 /* SPTExample.h */ = {isa = PBXFileReference; fileEncoding = 4; lastKnownFileType = sourcecode.c.h; name = SPTExample.h; path = specta/build/Release/SPTExample.h; sourceTree = SOURCE_ROOT; };
		B5DBD740175FAC01001F4709 /* SPTExampleGroup.h */ = {isa = PBXFileReference; fileEncoding = 4; lastKnownFileType = sourcecode.c.h; name = SPTExampleGroup.h; path = specta/build/Release/SPTExampleGroup.h; sourceTree = SOURCE_ROOT; };
		B5DBD741175FAC01001F4709 /* SPTSenTestCase.h */ = {isa = PBXFileReference; fileEncoding = 4; lastKnownFileType = sourcecode.c.h; name = SPTSenTestCase.h; path = specta/build/Release/SPTSenTestCase.h; sourceTree = SOURCE_ROOT; };
		B5DBD742175FAC01001F4709 /* SPTSenTestInvocation.h */ = {isa = PBXFileReference; fileEncoding = 4; lastKnownFileType = sourcecode.c.h; name = SPTSenTestInvocation.h; path = specta/build/Release/SPTSenTestInvocation.h; sourceTree = SOURCE_ROOT; };
		B5DBD743175FAC01001F4709 /* SPTSharedExampleGroups.h */ = {isa = PBXFileReference; fileEncoding = 4; lastKnownFileType = sourcecode.c.h; name = SPTSharedExampleGroups.h; path = specta/build/Release/SPTSharedExampleGroups.h; sourceTree = SOURCE_ROOT; };
		B5DBD744175FAC01001F4709 /* SPTSpec.h */ = {isa = PBXFileReference; fileEncoding = 4; lastKnownFileType = sourcecode.c.h; name = SPTSpec.h; path = specta/build/Release/SPTSpec.h; sourceTree = SOURCE_ROOT; };
		B5DBD745175FAC27001F4709 /* libSpecta.a */ = {isa = PBXFileReference; lastKnownFileType = archive.ar; name = libSpecta.a; path = specta/build/Release/libSpecta.a; sourceTree = SOURCE_ROOT; };
		B5DBD749175FAD1D001F4709 /* EXPBackwardCompatibility.h */ = {isa = PBXFileReference; fileEncoding = 4; lastKnownFileType = sourcecode.c.h; name = EXPBackwardCompatibility.h; path = expecta/build/Release/EXPBackwardCompatibility.h; sourceTree = SOURCE_ROOT; };
		B5DBD74A175FAD1D001F4709 /* EXPBlockDefinedMatcher.h */ = {isa = PBXFileReference; fileEncoding = 4; lastKnownFileType = sourcecode.c.h; name = EXPBlockDefinedMatcher.h; path = expecta/build/Release/EXPBlockDefinedMatcher.h; sourceTree = SOURCE_ROOT; };
		B5DBD74B175FAD1D001F4709 /* EXPDefines.h */ = {isa = PBXFileReference; fileEncoding = 4; lastKnownFileType = sourcecode.c.h; name = EXPDefines.h; path = expecta/build/Release/EXPDefines.h; sourceTree = SOURCE_ROOT; };
		B5DBD74C175FAD1D001F4709 /* EXPDoubleTuple.h */ = {isa = PBXFileReference; fileEncoding = 4; lastKnownFileType = sourcecode.c.h; name = EXPDoubleTuple.h; path = expecta/build/Release/EXPDoubleTuple.h; sourceTree = SOURCE_ROOT; };
		B5DBD74D175FAD1D001F4709 /* Expecta.h */ = {isa = PBXFileReference; fileEncoding = 4; lastKnownFileType = sourcecode.c.h; name = Expecta.h; path = expecta/build/Release/Expecta.h; sourceTree = SOURCE_ROOT; };
		B5DBD74E175FAD1D001F4709 /* ExpectaSupport.h */ = {isa = PBXFileReference; fileEncoding = 4; lastKnownFileType = sourcecode.c.h; name = ExpectaSupport.h; path = expecta/build/Release/ExpectaSupport.h; sourceTree = SOURCE_ROOT; };
		B5DBD74F175FAD1D001F4709 /* EXPExpect.h */ = {isa = PBXFileReference; fileEncoding = 4; lastKnownFileType = sourcecode.c.h; name = EXPExpect.h; path = expecta/build/Release/EXPExpect.h; sourceTree = SOURCE_ROOT; };
		B5DBD750175FAD1D001F4709 /* EXPFloatTuple.h */ = {isa = PBXFileReference; fileEncoding = 4; lastKnownFileType = sourcecode.c.h; name = EXPFloatTuple.h; path = expecta/build/Release/EXPFloatTuple.h; sourceTree = SOURCE_ROOT; };
		B5DBD751175FAD1D001F4709 /* EXPMatcher.h */ = {isa = PBXFileReference; fileEncoding = 4; lastKnownFileType = sourcecode.c.h; name = EXPMatcher.h; path = expecta/build/Release/EXPMatcher.h; sourceTree = SOURCE_ROOT; };
		B5DBD752175FAD1D001F4709 /* EXPMatcherHelpers.h */ = {isa = PBXFileReference; fileEncoding = 4; lastKnownFileType = sourcecode.c.h; name = EXPMatcherHelpers.h; path = expecta/build/Release/EXPMatcherHelpers.h; sourceTree = SOURCE_ROOT; };
		B5DBD753175FAD1D001F4709 /* EXPMatchers.h */ = {isa = PBXFileReference; fileEncoding = 4; lastKnownFileType = sourcecode.c.h; name = EXPMatchers.h; path = expecta/build/Release/EXPMatchers.h; sourceTree = SOURCE_ROOT; };
		B5DBD754175FAD1D001F4709 /* EXPMatchers+beCloseTo.h */ = {isa = PBXFileReference; fileEncoding = 4; lastKnownFileType = sourcecode.c.h; name = "EXPMatchers+beCloseTo.h"; path = "expecta/build/Release/EXPMatchers+beCloseTo.h"; sourceTree = SOURCE_ROOT; };
		B5DBD755175FAD1D001F4709 /* EXPMatchers+beFalsy.h */ = {isa = PBXFileReference; fileEncoding = 4; lastKnownFileType = sourcecode.c.h; name = "EXPMatchers+beFalsy.h"; path = "expecta/build/Release/EXPMatchers+beFalsy.h"; sourceTree = SOURCE_ROOT; };
		B5DBD756175FAD1D001F4709 /* EXPMatchers+beGreaterThan.h */ = {isa = PBXFileReference; fileEncoding = 4; lastKnownFileType = sourcecode.c.h; name = "EXPMatchers+beGreaterThan.h"; path = "expecta/build/Release/EXPMatchers+beGreaterThan.h"; sourceTree = SOURCE_ROOT; };
		B5DBD757175FAD1D001F4709 /* EXPMatchers+beGreaterThanOrEqualTo.h */ = {isa = PBXFileReference; fileEncoding = 4; lastKnownFileType = sourcecode.c.h; name = "EXPMatchers+beGreaterThanOrEqualTo.h"; path = "expecta/build/Release/EXPMatchers+beGreaterThanOrEqualTo.h"; sourceTree = SOURCE_ROOT; };
		B5DBD758175FAD1D001F4709 /* EXPMatchers+beIdenticalTo.h */ = {isa = PBXFileReference; fileEncoding = 4; lastKnownFileType = sourcecode.c.h; name = "EXPMatchers+beIdenticalTo.h"; path = "expecta/build/Release/EXPMatchers+beIdenticalTo.h"; sourceTree = SOURCE_ROOT; };
		B5DBD759175FAD1D001F4709 /* EXPMatchers+beInstanceOf.h */ = {isa = PBXFileReference; fileEncoding = 4; lastKnownFileType = sourcecode.c.h; name = "EXPMatchers+beInstanceOf.h"; path = "expecta/build/Release/EXPMatchers+beInstanceOf.h"; sourceTree = SOURCE_ROOT; };
		B5DBD75A175FAD1D001F4709 /* EXPMatchers+beInTheRangeOf.h */ = {isa = PBXFileReference; fileEncoding = 4; lastKnownFileType = sourcecode.c.h; name = "EXPMatchers+beInTheRangeOf.h"; path = "expecta/build/Release/EXPMatchers+beInTheRangeOf.h"; sourceTree = SOURCE_ROOT; };
		B5DBD75B175FAD1D001F4709 /* EXPMatchers+beKindOf.h */ = {isa = PBXFileReference; fileEncoding = 4; lastKnownFileType = sourcecode.c.h; name = "EXPMatchers+beKindOf.h"; path = "expecta/build/Release/EXPMatchers+beKindOf.h"; sourceTree = SOURCE_ROOT; };
		B5DBD75C175FAD1D001F4709 /* EXPMatchers+beLessThan.h */ = {isa = PBXFileReference; fileEncoding = 4; lastKnownFileType = sourcecode.c.h; name = "EXPMatchers+beLessThan.h"; path = "expecta/build/Release/EXPMatchers+beLessThan.h"; sourceTree = SOURCE_ROOT; };
		B5DBD75D175FAD1D001F4709 /* EXPMatchers+beLessThanOrEqualTo.h */ = {isa = PBXFileReference; fileEncoding = 4; lastKnownFileType = sourcecode.c.h; name = "EXPMatchers+beLessThanOrEqualTo.h"; path = "expecta/build/Release/EXPMatchers+beLessThanOrEqualTo.h"; sourceTree = SOURCE_ROOT; };
		B5DBD75E175FAD1D001F4709 /* EXPMatchers+beNil.h */ = {isa = PBXFileReference; fileEncoding = 4; lastKnownFileType = sourcecode.c.h; name = "EXPMatchers+beNil.h"; path = "expecta/build/Release/EXPMatchers+beNil.h"; sourceTree = SOURCE_ROOT; };
		B5DBD75F175FAD1D001F4709 /* EXPMatchers+beSubclassOf.h */ = {isa = PBXFileReference; fileEncoding = 4; lastKnownFileType = sourcecode.c.h; name = "EXPMatchers+beSubclassOf.h"; path = "expecta/build/Release/EXPMatchers+beSubclassOf.h"; sourceTree = SOURCE_ROOT; };
		B5DBD760175FAD1D001F4709 /* EXPMatchers+beTruthy.h */ = {isa = PBXFileReference; fileEncoding = 4; lastKnownFileType = sourcecode.c.h; name = "EXPMatchers+beTruthy.h"; path = "expecta/build/Release/EXPMatchers+beTruthy.h"; sourceTree = SOURCE_ROOT; };
		B5DBD761175FAD1D001F4709 /* EXPMatchers+contain.h */ = {isa = PBXFileReference; fileEncoding = 4; lastKnownFileType = sourcecode.c.h; name = "EXPMatchers+contain.h"; path = "expecta/build/Release/EXPMatchers+contain.h"; sourceTree = SOURCE_ROOT; };
		B5DBD762175FAD1D001F4709 /* EXPMatchers+equal.h */ = {isa = PBXFileReference; fileEncoding = 4; lastKnownFileType = sourcecode.c.h; name = "EXPMatchers+equal.h"; path = "expecta/build/Release/EXPMatchers+equal.h"; sourceTree = SOURCE_ROOT; };
		B5DBD763175FAD1D001F4709 /* EXPMatchers+haveCountOf.h */ = {isa = PBXFileReference; fileEncoding = 4; lastKnownFileType = sourcecode.c.h; name = "EXPMatchers+haveCountOf.h"; path = "expecta/build/Release/EXPMatchers+haveCountOf.h"; sourceTree = SOURCE_ROOT; };
		B5DBD764175FAD1D001F4709 /* EXPMatchers+raise.h */ = {isa = PBXFileReference; fileEncoding = 4; lastKnownFileType = sourcecode.c.h; name = "EXPMatchers+raise.h"; path = "expecta/build/Release/EXPMatchers+raise.h"; sourceTree = SOURCE_ROOT; };
		B5DBD765175FAD1D001F4709 /* EXPUnsupportedObject.h */ = {isa = PBXFileReference; fileEncoding = 4; lastKnownFileType = sourcecode.c.h; name = EXPUnsupportedObject.h; path = expecta/build/Release/EXPUnsupportedObject.h; sourceTree = SOURCE_ROOT; };
		B5DBD766175FAD1D001F4709 /* libExpecta.a */ = {isa = PBXFileReference; lastKnownFileType = archive.ar; name = libExpecta.a; path = expecta/build/Release/libExpecta.a; sourceTree = SOURCE_ROOT; };
		B5DBD767175FAD1D001F4709 /* NSObject+Expecta.h */ = {isa = PBXFileReference; fileEncoding = 4; lastKnownFileType = sourcecode.c.h; name = "NSObject+Expecta.h"; path = "expecta/build/Release/NSObject+Expecta.h"; sourceTree = SOURCE_ROOT; };
		B5DBD768175FAD1D001F4709 /* NSValue+Expecta.h */ = {isa = PBXFileReference; fileEncoding = 4; lastKnownFileType = sourcecode.c.h; name = "NSValue+Expecta.h"; path = "expecta/build/Release/NSValue+Expecta.h"; sourceTree = SOURCE_ROOT; };
		B5DBD76A175FB252001F4709 /* WDRegistrationController+Private.h */ = {isa = PBXFileReference; lastKnownFileType = sourcecode.c.h; path = "WDRegistrationController+Private.h"; sourceTree = SOURCE_ROOT; };
		B5DBD77C17608851001F4709 /* WDPlistConstants.h */ = {isa = PBXFileReference; lastKnownFileType = sourcecode.c.h; path = WDPlistConstants.h; sourceTree = SOURCE_ROOT; };
		B5DBD77D17608864001F4709 /* WDPlistConstants.m */ = {isa = PBXFileReference; fileEncoding = 4; lastKnownFileType = sourcecode.c.objc; path = WDPlistConstants.m; sourceTree = SOURCE_ROOT; };
		B5DBD7BB1760B831001F4709 /* 1024-private.pem */ = {isa = PBXFileReference; fileEncoding = 4; lastKnownFileType = text; path = "1024-private.pem"; sourceTree = "<group>"; };
		B5DBD7BD1760B841001F4709 /* 2048-private.pem */ = {isa = PBXFileReference; fileEncoding = 4; lastKnownFileType = text; path = "2048-private.pem"; sourceTree = "<group>"; };
		B5DBD7BF1760B84C001F4709 /* secp384r1-private.pem */ = {isa = PBXFileReference; fileEncoding = 4; lastKnownFileType = text; path = "secp384r1-private.pem"; sourceTree = "<group>"; };
		B5DBD7C11760B855001F4709 /* secp521r1-private.pem */ = {isa = PBXFileReference; fileEncoding = 4; lastKnownFileType = text; path = "secp521r1-private.pem"; sourceTree = "<group>"; };
		B5DBD7C31760B891001F4709 /* 1024-public.pem */ = {isa = PBXFileReference; fileEncoding = 4; lastKnownFileType = text; path = "1024-public.pem"; sourceTree = "<group>"; };
		B5DBD7C51760B897001F4709 /* 2048-public.pem */ = {isa = PBXFileReference; fileEncoding = 4; lastKnownFileType = text; path = "2048-public.pem"; sourceTree = "<group>"; };
		B5DBD7C71760B8E8001F4709 /* secp384r1-public.pem */ = {isa = PBXFileReference; fileEncoding = 4; lastKnownFileType = text; path = "secp384r1-public.pem"; sourceTree = "<group>"; };
		B5DBD7C91760B8EF001F4709 /* secp521r1-public.pem */ = {isa = PBXFileReference; fileEncoding = 4; lastKnownFileType = text; path = "secp521r1-public.pem"; sourceTree = "<group>"; };
		B5DBD7CB1760B953001F4709 /* secp384r1-data.plist */ = {isa = PBXFileReference; fileEncoding = 4; lastKnownFileType = text.plist.xml; path = "secp384r1-data.plist"; sourceTree = "<group>"; };
		B5DBD7CD1760B96D001F4709 /* secp521r1-data.plist */ = {isa = PBXFileReference; fileEncoding = 4; lastKnownFileType = text.plist.xml; path = "secp521r1-data.plist"; sourceTree = "<group>"; };
		B5DBD7CF1760B97D001F4709 /* 1024-data.plist */ = {isa = PBXFileReference; fileEncoding = 4; lastKnownFileType = text.plist.xml; path = "1024-data.plist"; sourceTree = "<group>"; };
		B5DBD7D11760B98C001F4709 /* 2048-data.plist */ = {isa = PBXFileReference; fileEncoding = 4; lastKnownFileType = text.plist.xml; path = "2048-data.plist"; sourceTree = "<group>"; };
		B5E036BC159F8CBC00007230 /* WDRegistrationStatusController.m */ = {isa = PBXFileReference; lastKnownFileType = sourcecode.c.objc; path = WDRegistrationStatusController.m; sourceTree = SOURCE_ROOT; };
		B5F0B4E814F54B8B0069FFAF /* Watchdog.framework */ = {isa = PBXFileReference; explicitFileType = wrapper.framework; includeInIndex = 0; path = Watchdog.framework; sourceTree = BUILT_PRODUCTS_DIR; };
		B5F0B4EB14F54B8B0069FFAF /* Cocoa.framework */ = {isa = PBXFileReference; lastKnownFileType = wrapper.framework; name = Cocoa.framework; path = System/Library/Frameworks/Cocoa.framework; sourceTree = SDKROOT; };
		B5F0B50414F54C210069FFAF /* Watchdog-Info.plist */ = {isa = PBXFileReference; fileEncoding = 4; lastKnownFileType = text.plist.xml; path = "Watchdog-Info.plist"; sourceTree = SOURCE_ROOT; };
		B5F0B50514F54C210069FFAF /* Watchdog-Prefix.pch */ = {isa = PBXFileReference; fileEncoding = 4; lastKnownFileType = sourcecode.c.h; path = "Watchdog-Prefix.pch"; sourceTree = SOURCE_ROOT; };
		B5F614EF14F54EB500C8565A /* WDRegistrationController.h */ = {isa = PBXFileReference; fileEncoding = 4; lastKnownFileType = sourcecode.c.h; path = WDRegistrationController.h; sourceTree = SOURCE_ROOT; };
		B5F614F014F54EB500C8565A /* WDRegistrationController.m */ = {isa = PBXFileReference; fileEncoding = 4; lastKnownFileType = sourcecode.c.objc; path = WDRegistrationController.m; sourceTree = SOURCE_ROOT; };
		B5F614F214F54EB500C8565A /* WDSerialEntryController.h */ = {isa = PBXFileReference; fileEncoding = 4; lastKnownFileType = sourcecode.c.h; path = WDSerialEntryController.h; sourceTree = SOURCE_ROOT; };
		B5F614F314F54EB500C8565A /* WDSerialEntryController.m */ = {isa = PBXFileReference; fileEncoding = 4; lastKnownFileType = sourcecode.c.objc; path = WDSerialEntryController.m; sourceTree = SOURCE_ROOT; };
		B5F614F514F54EB500C8565A /* WDRegistrationStatusController.h */ = {isa = PBXFileReference; fileEncoding = 4; lastKnownFileType = sourcecode.c.h; path = WDRegistrationStatusController.h; sourceTree = SOURCE_ROOT; };
		B5F614FA14F54EB500C8565A /* WDRegistrationWindowController.h */ = {isa = PBXFileReference; fileEncoding = 4; lastKnownFileType = sourcecode.c.h; path = WDRegistrationWindowController.h; sourceTree = SOURCE_ROOT; };
		B5F614FB14F54EB500C8565A /* WDRegistrationWindowController.m */ = {isa = PBXFileReference; fileEncoding = 4; lastKnownFileType = sourcecode.c.objc; path = WDRegistrationWindowController.m; sourceTree = SOURCE_ROOT; };
		B5F6150914F54F0400C8565A /* Watchdog.h */ = {isa = PBXFileReference; fileEncoding = 4; lastKnownFileType = sourcecode.c.h; path = Watchdog.h; sourceTree = "<group>"; };
/* End PBXFileReference section */

/* Begin PBXFrameworksBuildPhase section */
		B59516E018C2665100FE2026 /* Frameworks */ = {
			isa = PBXFrameworksBuildPhase;
			buildActionMask = 2147483647;
			files = (
			);
			runOnlyForDeploymentPostprocessing = 0;
		};
		B5DBD721175FABBA001F4709 /* Frameworks */ = {
			isa = PBXFrameworksBuildPhase;
			buildActionMask = 2147483647;
			files = (
				B5DBD76D175FB2A2001F4709 /* Watchdog.framework in Frameworks */,
				B5DBD727175FABBA001F4709 /* SenTestingKit.framework in Frameworks */,
				B5DBD728175FABBA001F4709 /* Cocoa.framework in Frameworks */,
				B5DBD746175FAC27001F4709 /* libSpecta.a in Frameworks */,
				B5DBD769175FAD1D001F4709 /* libExpecta.a in Frameworks */,
			);
			runOnlyForDeploymentPostprocessing = 0;
		};
		B5F0B4E414F54B8B0069FFAF /* Frameworks */ = {
			isa = PBXFrameworksBuildPhase;
			buildActionMask = 2147483647;
			files = (
				B5F0B4EC14F54B8B0069FFAF /* Cocoa.framework in Frameworks */,
				B5C91ADE14F568DC009696B3 /* QuartzCore.framework in Frameworks */,
				B53AA449155ED4B900745650 /* Security.framework in Frameworks */,
			);
			runOnlyForDeploymentPostprocessing = 0;
		};
/* End PBXFrameworksBuildPhase section */

/* Begin PBXGroup section */
		B531F5BA18C219A800E65397 /* Shake animation */ = {
			isa = PBXGroup;
			children = (
				B531F5B618C219A500E65397 /* ShakeAnimation.h */,
				B531F5B718C219A500E65397 /* ShakeAnimation.m */,
			);
			name = "Shake animation";
			sourceTree = "<group>";
		};
		B531F5EC18C2317600E65397 /* WDResources */ = {
			isa = PBXGroup;
			children = (
				B531F5E818C2316D00E65397 /* WDResources.h */,
				B531F5E918C2316D00E65397 /* WDResources.m */,
			);
			name = WDResources;
			sourceTree = "<group>";
		};
		B59516E518C2665100FE2026 /* Other Frameworks */ = {
			isa = PBXGroup;
			children = (
				B59516E618C2665100FE2026 /* Foundation.framework */,
				B59516E718C2665100FE2026 /* CoreData.framework */,
				B59516E818C2665100FE2026 /* AppKit.framework */,
			);
			name = "Other Frameworks";
			sourceTree = "<group>";
		};
		B59516E918C2665100FE2026 /* WatchdogResources */ = {
			isa = PBXGroup;
			children = (
				B59516EA18C2665100FE2026 /* Supporting Files */,
			);
			path = WatchdogResources;
			sourceTree = "<group>";
		};
		B59516EA18C2665100FE2026 /* Supporting Files */ = {
			isa = PBXGroup;
			children = (
				B59516EB18C2665100FE2026 /* WatchdogResources-Info.plist */,
			);
			name = "Supporting Files";
			sourceTree = "<group>";
		};
		B5DBD72D175FABBA001F4709 /* WatchdogTests */ = {
			isa = PBXGroup;
			children = (
				B5DBD78117608EC9001F4709 /* ECDSA */,
				B5DBD78017608EB5001F4709 /* DSA */,
				B5DBD747175FAD01001F4709 /* Specta */,
				B5DBD748175FAD07001F4709 /* Expecta */,
				B5DBD733175FABBA001F4709 /* WatchdogTests.h */,
				B5DBD734175FABBA001F4709 /* WatchdogTests.m */,
				B5DBD72E175FABBA001F4709 /* Supporting Files */,
			);
			path = WatchdogTests;
			sourceTree = "<group>";
		};
		B5DBD72E175FABBA001F4709 /* Supporting Files */ = {
			isa = PBXGroup;
			children = (
				B5DBD72F175FABBA001F4709 /* WatchdogTests-Info.plist */,
				B5DBD736175FABBA001F4709 /* WatchdogTests-Prefix.pch */,
			);
			name = "Supporting Files";
			sourceTree = "<group>";
		};
		B5DBD747175FAD01001F4709 /* Specta */ = {
			isa = PBXGroup;
			children = (
				B5DBD745175FAC27001F4709 /* libSpecta.a */,
				B5DBD73A175FAC01001F4709 /* Specta-Prefix.pch */,
				B5DBD73B175FAC01001F4709 /* Specta.h */,
				B5DBD73C175FAC01001F4709 /* SpectaSupport.h */,
				B5DBD73D175FAC01001F4709 /* SpectaTypes.h */,
				B5DBD73E175FAC01001F4709 /* SpectaUtility.h */,
				B5DBD73F175FAC01001F4709 /* SPTExample.h */,
				B5DBD740175FAC01001F4709 /* SPTExampleGroup.h */,
				B5DBD741175FAC01001F4709 /* SPTSenTestCase.h */,
				B5DBD742175FAC01001F4709 /* SPTSenTestInvocation.h */,
				B5DBD743175FAC01001F4709 /* SPTSharedExampleGroups.h */,
				B5DBD744175FAC01001F4709 /* SPTSpec.h */,
			);
			name = Specta;
			sourceTree = "<group>";
		};
		B5DBD748175FAD07001F4709 /* Expecta */ = {
			isa = PBXGroup;
			children = (
				B5DBD749175FAD1D001F4709 /* EXPBackwardCompatibility.h */,
				B5DBD74A175FAD1D001F4709 /* EXPBlockDefinedMatcher.h */,
				B5DBD74B175FAD1D001F4709 /* EXPDefines.h */,
				B5DBD74C175FAD1D001F4709 /* EXPDoubleTuple.h */,
				B5DBD74D175FAD1D001F4709 /* Expecta.h */,
				B5DBD74E175FAD1D001F4709 /* ExpectaSupport.h */,
				B5DBD74F175FAD1D001F4709 /* EXPExpect.h */,
				B5DBD750175FAD1D001F4709 /* EXPFloatTuple.h */,
				B5DBD751175FAD1D001F4709 /* EXPMatcher.h */,
				B5DBD752175FAD1D001F4709 /* EXPMatcherHelpers.h */,
				B5DBD753175FAD1D001F4709 /* EXPMatchers.h */,
				B5DBD754175FAD1D001F4709 /* EXPMatchers+beCloseTo.h */,
				B5DBD755175FAD1D001F4709 /* EXPMatchers+beFalsy.h */,
				B5DBD756175FAD1D001F4709 /* EXPMatchers+beGreaterThan.h */,
				B5DBD757175FAD1D001F4709 /* EXPMatchers+beGreaterThanOrEqualTo.h */,
				B5DBD758175FAD1D001F4709 /* EXPMatchers+beIdenticalTo.h */,
				B5DBD759175FAD1D001F4709 /* EXPMatchers+beInstanceOf.h */,
				B5DBD75A175FAD1D001F4709 /* EXPMatchers+beInTheRangeOf.h */,
				B5DBD75B175FAD1D001F4709 /* EXPMatchers+beKindOf.h */,
				B5DBD75C175FAD1D001F4709 /* EXPMatchers+beLessThan.h */,
				B5DBD75D175FAD1D001F4709 /* EXPMatchers+beLessThanOrEqualTo.h */,
				B5DBD75E175FAD1D001F4709 /* EXPMatchers+beNil.h */,
				B5DBD75F175FAD1D001F4709 /* EXPMatchers+beSubclassOf.h */,
				B5DBD760175FAD1D001F4709 /* EXPMatchers+beTruthy.h */,
				B5DBD761175FAD1D001F4709 /* EXPMatchers+contain.h */,
				B5DBD762175FAD1D001F4709 /* EXPMatchers+equal.h */,
				B5DBD763175FAD1D001F4709 /* EXPMatchers+haveCountOf.h */,
				B5DBD764175FAD1D001F4709 /* EXPMatchers+raise.h */,
				B5DBD765175FAD1D001F4709 /* EXPUnsupportedObject.h */,
				B5DBD766175FAD1D001F4709 /* libExpecta.a */,
				B5DBD767175FAD1D001F4709 /* NSObject+Expecta.h */,
				B5DBD768175FAD1D001F4709 /* NSValue+Expecta.h */,
			);
			name = Expecta;
			sourceTree = "<group>";
		};
		B5DBD77F1760886A001F4709 /* Plist constants */ = {
			isa = PBXGroup;
			children = (
				B5DBD77C17608851001F4709 /* WDPlistConstants.h */,
				B5DBD77D17608864001F4709 /* WDPlistConstants.m */,
			);
			name = "Plist constants";
			path = Watchdog;
			sourceTree = "<group>";
		};
		B5DBD78017608EB5001F4709 /* DSA */ = {
			isa = PBXGroup;
			children = (
				B5DBD7B91760B6FD001F4709 /* 1024 */,
				B5DBD7BA1760B701001F4709 /* 2048 */,
			);
			name = DSA;
			sourceTree = "<group>";
		};
		B5DBD78117608EC9001F4709 /* ECDSA */ = {
			isa = PBXGroup;
			children = (
				B5DBD78517608F60001F4709 /* secp384r1 */,
				B5DBD78617608F68001F4709 /* secp521r1 */,
			);
			name = ECDSA;
			sourceTree = "<group>";
		};
		B5DBD78517608F60001F4709 /* secp384r1 */ = {
			isa = PBXGroup;
			children = (
				B5DBD7BF1760B84C001F4709 /* secp384r1-private.pem */,
				B5DBD7C71760B8E8001F4709 /* secp384r1-public.pem */,
				B5DBD7CB1760B953001F4709 /* secp384r1-data.plist */,
			);
			name = secp384r1;
			sourceTree = "<group>";
		};
		B5DBD78617608F68001F4709 /* secp521r1 */ = {
			isa = PBXGroup;
			children = (
				B5DBD7C11760B855001F4709 /* secp521r1-private.pem */,
				B5DBD7C91760B8EF001F4709 /* secp521r1-public.pem */,
				B5DBD7CD1760B96D001F4709 /* secp521r1-data.plist */,
			);
			name = secp521r1;
			sourceTree = "<group>";
		};
		B5DBD7B91760B6FD001F4709 /* 1024 */ = {
			isa = PBXGroup;
			children = (
				B5DBD7BB1760B831001F4709 /* 1024-private.pem */,
				B5DBD7C31760B891001F4709 /* 1024-public.pem */,
				B5DBD7CF1760B97D001F4709 /* 1024-data.plist */,
			);
			name = 1024;
			sourceTree = "<group>";
		};
		B5DBD7BA1760B701001F4709 /* 2048 */ = {
			isa = PBXGroup;
			children = (
				B5DBD7BD1760B841001F4709 /* 2048-private.pem */,
				B5DBD7C51760B897001F4709 /* 2048-public.pem */,
				B5DBD7D11760B98C001F4709 /* 2048-data.plist */,
			);
			name = 2048;
			sourceTree = "<group>";
		};
		B5E0368E159DB4D100007230 /* Registration window controller */ = {
			isa = PBXGroup;
			children = (
				B59516FE18C2676C00FE2026 /* WDRegistrationWindow.xib */,
				B5F614FA14F54EB500C8565A /* WDRegistrationWindowController.h */,
				B5F614FB14F54EB500C8565A /* WDRegistrationWindowController.m */,
			);
			name = "Registration window controller";
			path = Watchdog;
			sourceTree = "<group>";
		};
		B5E036B0159F6FFA00007230 /* Serial entry controller */ = {
			isa = PBXGroup;
			children = (
				B595170318C267FD00FE2026 /* WDSerialEntry.xib */,
				B5F614F214F54EB500C8565A /* WDSerialEntryController.h */,
				B5DAA40F1761D8C000A82BF8 /* WDSerialEntryController+Private.h */,
				B5F614F314F54EB500C8565A /* WDSerialEntryController.m */,
			);
			name = "Serial entry controller";
			path = Watchdog;
			sourceTree = "<group>";
		};
		B5E036B1159F700000007230 /* Registration status controller */ = {
			isa = PBXGroup;
			children = (
				B595170618C2681200FE2026 /* WDRegistrationStatus.xib */,
				B5F614F514F54EB500C8565A /* WDRegistrationStatusController.h */,
				B5DAA40E1761D86100A82BF8 /* WDRegistrationStatusController+Private.h */,
				B5E036BC159F8CBC00007230 /* WDRegistrationStatusController.m */,
			);
			name = "Registration status controller";
			path = Watchdog;
			sourceTree = "<group>";
		};
		B5F0B4DC14F54B8B0069FFAF = {
			isa = PBXGroup;
			children = (
				B5421805175F8973008D056B /* Readme.md */,
				B5421806175F8973008D056B /* License.md */,
				B531F5BC18C21D7F00E65397 /* Watchdog.podspec */,
				B5F6150914F54F0400C8565A /* Watchdog.h */,
				B5F0B50514F54C210069FFAF /* Watchdog-Prefix.pch */,
				B5F0B50414F54C210069FFAF /* Watchdog-Info.plist */,
				B595170D18C268E100FE2026 /* Localizable.strings */,
				B5F0B4F114F54B8B0069FFAF /* Registration controller */,
				B5E0368E159DB4D100007230 /* Registration window controller */,
				B5E036B0159F6FFA00007230 /* Serial entry controller */,
				B5E036B1159F700000007230 /* Registration status controller */,
				B5DBD77F1760886A001F4709 /* Plist constants */,
				B531F5BA18C219A800E65397 /* Shake animation */,
				B531F5EC18C2317600E65397 /* WDResources */,
				B5DBD72D175FABBA001F4709 /* WatchdogTests */,
				B59516E918C2665100FE2026 /* WatchdogResources */,
				B5F0B4EA14F54B8B0069FFAF /* Frameworks */,
				B5F0B4E914F54B8B0069FFAF /* Products */,
			);
			sourceTree = "<group>";
		};
		B5F0B4E914F54B8B0069FFAF /* Products */ = {
			isa = PBXGroup;
			children = (
				B5F0B4E814F54B8B0069FFAF /* Watchdog.framework */,
				B5DBD725175FABBA001F4709 /* WatchdogTests.octest */,
				B59516E318C2665100FE2026 /* WatchdogResources.bundle */,
			);
			name = Products;
			sourceTree = "<group>";
		};
		B5F0B4EA14F54B8B0069FFAF /* Frameworks */ = {
			isa = PBXGroup;
			children = (
				B5F0B4EB14F54B8B0069FFAF /* Cocoa.framework */,
				B53AA448155ED4B900745650 /* Security.framework */,
				B5C91ADD14F568DC009696B3 /* QuartzCore.framework */,
				B5DBD726175FABBA001F4709 /* SenTestingKit.framework */,
				B59516E518C2665100FE2026 /* Other Frameworks */,
			);
			name = Frameworks;
			sourceTree = "<group>";
		};
		B5F0B4F114F54B8B0069FFAF /* Registration controller */ = {
			isa = PBXGroup;
			children = (
				B5F614EF14F54EB500C8565A /* WDRegistrationController.h */,
				B5DBD76A175FB252001F4709 /* WDRegistrationController+Private.h */,
				B5F614F014F54EB500C8565A /* WDRegistrationController.m */,
			);
			name = "Registration controller";
			path = Watchdog;
			sourceTree = "<group>";
		};
/* End PBXGroup section */

/* Begin PBXHeadersBuildPhase section */
		B5F0B4E514F54B8B0069FFAF /* Headers */ = {
			isa = PBXHeadersBuildPhase;
			buildActionMask = 2147483647;
			files = (
				B531F5EA18C2316D00E65397 /* WDResources.h in Headers */,
				B5F6150A14F54F0400C8565A /* Watchdog.h in Headers */,
				B5F614FC14F54EB500C8565A /* WDRegistrationController.h in Headers */,
				B531F5B818C219A500E65397 /* ShakeAnimation.h in Headers */,
				B5F614FF14F54EB500C8565A /* WDSerialEntryController.h in Headers */,
				B5F6150214F54EB500C8565A /* WDRegistrationStatusController.h in Headers */,
				B5F6150714F54EB500C8565A /* WDRegistrationWindowController.h in Headers */,
			);
			runOnlyForDeploymentPostprocessing = 0;
		};
/* End PBXHeadersBuildPhase section */

/* Begin PBXNativeTarget section */
		B59516E218C2665100FE2026 /* WatchdogResources */ = {
			isa = PBXNativeTarget;
			buildConfigurationList = B59516F018C2665100FE2026 /* Build configuration list for PBXNativeTarget "WatchdogResources" */;
			buildPhases = (
				B59516DF18C2665100FE2026 /* Sources */,
				B59516E018C2665100FE2026 /* Frameworks */,
				B59516E118C2665100FE2026 /* Resources */,
			);
			buildRules = (
			);
			dependencies = (
			);
			name = WatchdogResources;
			productName = WatchdogResources;
			productReference = B59516E318C2665100FE2026 /* WatchdogResources.bundle */;
			productType = "com.apple.product-type.bundle";
		};
		B5DBD724175FABBA001F4709 /* WatchdogTests */ = {
			isa = PBXNativeTarget;
			buildConfigurationList = B5DBD739175FABBA001F4709 /* Build configuration list for PBXNativeTarget "WatchdogTests" */;
			buildPhases = (
				B5DBD720175FABBA001F4709 /* Sources */,
				B5DBD721175FABBA001F4709 /* Frameworks */,
				B5DBD722175FABBA001F4709 /* Resources */,
				B5DBD723175FABBA001F4709 /* ShellScript */,
			);
			buildRules = (
			);
			dependencies = (
				B5DBD76C175FB29B001F4709 /* PBXTargetDependency */,
			);
			name = WatchdogTests;
			productName = WatchdogTests;
			productReference = B5DBD725175FABBA001F4709 /* WatchdogTests.octest */;
			productType = "com.apple.product-type.bundle";
		};
		B5F0B4E714F54B8B0069FFAF /* Watchdog */ = {
			isa = PBXNativeTarget;
			buildConfigurationList = B5F0B4FD14F54B8B0069FFAF /* Build configuration list for PBXNativeTarget "Watchdog" */;
			buildPhases = (
				B5F0B4E314F54B8B0069FFAF /* Sources */,
				B5F0B4E414F54B8B0069FFAF /* Frameworks */,
				B5F0B4E514F54B8B0069FFAF /* Headers */,
				B5F0B4E614F54B8B0069FFAF /* Resources */,
			);
			buildRules = (
			);
			dependencies = (
				B595171218C2696500FE2026 /* PBXTargetDependency */,
			);
			name = Watchdog;
			productName = Watchdog;
			productReference = B5F0B4E814F54B8B0069FFAF /* Watchdog.framework */;
			productType = "com.apple.product-type.framework";
		};
/* End PBXNativeTarget section */

/* Begin PBXProject section */
		B5F0B4DE14F54B8B0069FFAF /* Project object */ = {
			isa = PBXProject;
			attributes = {
				LastUpgradeCheck = 0500;
				ORGANIZATIONNAME = "Konstantin Pavlikhin";
			};
			buildConfigurationList = B5F0B4E114F54B8B0069FFAF /* Build configuration list for PBXProject "Watchdog" */;
			compatibilityVersion = "Xcode 3.2";
			developmentRegion = English;
			hasScannedForEncodings = 0;
			knownRegions = (
				en,
				ru,
				Base,
			);
			mainGroup = B5F0B4DC14F54B8B0069FFAF;
			productRefGroup = B5F0B4E914F54B8B0069FFAF /* Products */;
			projectDirPath = "";
			projectRoot = "";
			targets = (
				B5F0B4E714F54B8B0069FFAF /* Watchdog */,
				B5DBD724175FABBA001F4709 /* WatchdogTests */,
				B59516E218C2665100FE2026 /* WatchdogResources */,
			);
		};
/* End PBXProject section */

/* Begin PBXResourcesBuildPhase section */
		B59516E118C2665100FE2026 /* Resources */ = {
			isa = PBXResourcesBuildPhase;
			buildActionMask = 2147483647;
			files = (
				B595170F18C268E100FE2026 /* Localizable.strings in Resources */,
				B595170018C2676C00FE2026 /* WDRegistrationWindow.xib in Resources */,
				B595170518C267FD00FE2026 /* WDSerialEntry.xib in Resources */,
				B595170818C2681200FE2026 /* WDRegistrationStatus.xib in Resources */,
			);
			runOnlyForDeploymentPostprocessing = 0;
		};
		B5DBD722175FABBA001F4709 /* Resources */ = {
			isa = PBXResourcesBuildPhase;
			buildActionMask = 2147483647;
			files = (
				B5DBD7BC1760B831001F4709 /* 1024-private.pem in Resources */,
				B5DBD7BE1760B841001F4709 /* 2048-private.pem in Resources */,
				B5DBD7C01760B84C001F4709 /* secp384r1-private.pem in Resources */,
				B5DBD7C21760B855001F4709 /* secp521r1-private.pem in Resources */,
				B5DBD7C41760B891001F4709 /* 1024-public.pem in Resources */,
				B5DBD7C61760B897001F4709 /* 2048-public.pem in Resources */,
				B5DBD7C81760B8E8001F4709 /* secp384r1-public.pem in Resources */,
				B5DBD7CA1760B8EF001F4709 /* secp521r1-public.pem in Resources */,
				B5DBD7CC1760B953001F4709 /* secp384r1-data.plist in Resources */,
				B5DBD7CE1760B96D001F4709 /* secp521r1-data.plist in Resources */,
				B5DBD7D01760B97D001F4709 /* 1024-data.plist in Resources */,
				B5DBD7D21760B98C001F4709 /* 2048-data.plist in Resources */,
			);
			runOnlyForDeploymentPostprocessing = 0;
		};
		B5F0B4E614F54B8B0069FFAF /* Resources */ = {
			isa = PBXResourcesBuildPhase;
			buildActionMask = 2147483647;
			files = (
				B595171318C2696E00FE2026 /* WatchdogResources.bundle in Resources */,
			);
			runOnlyForDeploymentPostprocessing = 0;
		};
/* End PBXResourcesBuildPhase section */

/* Begin PBXShellScriptBuildPhase section */
		B5DBD723175FABBA001F4709 /* ShellScript */ = {
			isa = PBXShellScriptBuildPhase;
			buildActionMask = 2147483647;
			files = (
			);
			inputPaths = (
			);
			outputPaths = (
			);
			runOnlyForDeploymentPostprocessing = 0;
			shellPath = /bin/sh;
			shellScript = "# Run the unit tests in this test bundle.\n\"${SYSTEM_DEVELOPER_DIR}/Tools/RunUnitTests\"\n";
		};
/* End PBXShellScriptBuildPhase section */

/* Begin PBXSourcesBuildPhase section */
		B59516DF18C2665100FE2026 /* Sources */ = {
			isa = PBXSourcesBuildPhase;
			buildActionMask = 2147483647;
			files = (
			);
			runOnlyForDeploymentPostprocessing = 0;
		};
		B5DBD720175FABBA001F4709 /* Sources */ = {
			isa = PBXSourcesBuildPhase;
			buildActionMask = 2147483647;
			files = (
				B5DBD735175FABBA001F4709 /* WatchdogTests.m in Sources */,
			);
			runOnlyForDeploymentPostprocessing = 0;
		};
		B5F0B4E314F54B8B0069FFAF /* Sources */ = {
			isa = PBXSourcesBuildPhase;
			buildActionMask = 2147483647;
			files = (
				B5F614FD14F54EB500C8565A /* WDRegistrationController.m in Sources */,
				B531F5EB18C2316D00E65397 /* WDResources.m in Sources */,
				B5F6150014F54EB500C8565A /* WDSerialEntryController.m in Sources */,
				B5E036BB159F8CBC00007230 /* WDRegistrationStatusController.m in Sources */,
				B531F5B918C219A500E65397 /* ShakeAnimation.m in Sources */,
				B5F6150814F54EB500C8565A /* WDRegistrationWindowController.m in Sources */,
				B5DBD77E17608864001F4709 /* WDPlistConstants.m in Sources */,
			);
			runOnlyForDeploymentPostprocessing = 0;
		};
/* End PBXSourcesBuildPhase section */

/* Begin PBXTargetDependency section */
		B595171218C2696500FE2026 /* PBXTargetDependency */ = {
			isa = PBXTargetDependency;
			target = B59516E218C2665100FE2026 /* WatchdogResources */;
			targetProxy = B595171118C2696500FE2026 /* PBXContainerItemProxy */;
		};
		B5DBD76C175FB29B001F4709 /* PBXTargetDependency */ = {
			isa = PBXTargetDependency;
			target = B5F0B4E714F54B8B0069FFAF /* Watchdog */;
			targetProxy = B5DBD76B175FB29B001F4709 /* PBXContainerItemProxy */;
		};
/* End PBXTargetDependency section */

/* Begin PBXVariantGroup section */
		B59516FE18C2676C00FE2026 /* WDRegistrationWindow.xib */ = {
			isa = PBXVariantGroup;
			children = (
				B59516FF18C2676C00FE2026 /* Base */,
				B595170118C2677E00FE2026 /* en */,
				B595170218C267BE00FE2026 /* ru */,
			);
			name = WDRegistrationWindow.xib;
			sourceTree = "<group>";
		};
		B595170318C267FD00FE2026 /* WDSerialEntry.xib */ = {
			isa = PBXVariantGroup;
			children = (
				B595170418C267FD00FE2026 /* Base */,
				B595170918C2682800FE2026 /* en */,
				B595170A18C2682B00FE2026 /* ru */,
			);
			name = WDSerialEntry.xib;
			sourceTree = "<group>";
		};
		B595170618C2681200FE2026 /* WDRegistrationStatus.xib */ = {
			isa = PBXVariantGroup;
			children = (
				B595170718C2681200FE2026 /* Base */,
				B595170B18C2683400FE2026 /* en */,
				B595170C18C2683600FE2026 /* ru */,
			);
			name = WDRegistrationStatus.xib;
			sourceTree = "<group>";
		};
		B595170D18C268E100FE2026 /* Localizable.strings */ = {
			isa = PBXVariantGroup;
			children = (
				B595170E18C268E100FE2026 /* en */,
				B595171018C268E400FE2026 /* ru */,
			);
			name = Localizable.strings;
			sourceTree = "<group>";
		};
/* End PBXVariantGroup section */

/* Begin XCBuildConfiguration section */
		B59516F118C2665100FE2026 /* Debug */ = {
			isa = XCBuildConfiguration;
			buildSettings = {
				CLANG_CXX_LANGUAGE_STANDARD = "gnu++0x";
				CLANG_CXX_LIBRARY = "libc++";
				CLANG_WARN_DIRECT_OBJC_ISA_USAGE = YES_ERROR;
				CLANG_WARN_OBJC_ROOT_CLASS = YES_ERROR;
				COMBINE_HIDPI_IMAGES = YES;
				GCC_PRECOMPILE_PREFIX_HEADER = YES;
				GCC_PREFIX_HEADER = "";
				GCC_PREPROCESSOR_DEFINITIONS = (
					"DEBUG=1",
					"$(inherited)",
				);
				GCC_WARN_ABOUT_RETURN_TYPE = YES_ERROR;
				INFOPLIST_FILE = "WatchdogResources/WatchdogResources-Info.plist";
				MACOSX_DEPLOYMENT_TARGET = 10.9;
				PRODUCT_NAME = "$(TARGET_NAME)";
				SKIP_INSTALL = YES;
				WRAPPER_EXTENSION = bundle;
			};
			name = Debug;
		};
		B59516F218C2665100FE2026 /* Release */ = {
			isa = XCBuildConfiguration;
			buildSettings = {
				CLANG_CXX_LANGUAGE_STANDARD = "gnu++0x";
				CLANG_CXX_LIBRARY = "libc++";
				CLANG_WARN_DIRECT_OBJC_ISA_USAGE = YES_ERROR;
				CLANG_WARN_OBJC_ROOT_CLASS = YES_ERROR;
				COMBINE_HIDPI_IMAGES = YES;
				ENABLE_NS_ASSERTIONS = NO;
				GCC_PRECOMPILE_PREFIX_HEADER = YES;
				GCC_PREFIX_HEADER = "";
				GCC_WARN_ABOUT_RETURN_TYPE = YES_ERROR;
				INFOPLIST_FILE = "WatchdogResources/WatchdogResources-Info.plist";
				MACOSX_DEPLOYMENT_TARGET = 10.9;
				PRODUCT_NAME = "$(TARGET_NAME)";
				SKIP_INSTALL = YES;
				WRAPPER_EXTENSION = bundle;
			};
			name = Release;
		};
		B5DBD737175FABBA001F4709 /* Debug */ = {
			isa = XCBuildConfiguration;
			buildSettings = {
				CLANG_CXX_LANGUAGE_STANDARD = "gnu++0x";
				CLANG_CXX_LIBRARY = "libc++";
				CLANG_WARN_CONSTANT_CONVERSION = YES;
				CLANG_WARN_EMPTY_BODY = YES;
				CLANG_WARN_ENUM_CONVERSION = YES;
				CLANG_WARN_INT_CONVERSION = YES;
				CLANG_WARN__DUPLICATE_METHOD_MATCH = YES;
				COMBINE_HIDPI_IMAGES = YES;
				FRAMEWORK_SEARCH_PATHS = "\"$(DEVELOPER_LIBRARY_DIR)/Frameworks\"";
				GCC_PRECOMPILE_PREFIX_HEADER = YES;
				GCC_PREFIX_HEADER = "WatchdogTests/WatchdogTests-Prefix.pch";
				INFOPLIST_FILE = "WatchdogTests/WatchdogTests-Info.plist";
				LIBRARY_SEARCH_PATHS = (
					"$(inherited)",
					"\"$(SRCROOT)/specta/build/Release\"",
					"\"$(SRCROOT)/expecta/build/Release\"",
				);
				OTHER_LDFLAGS = "-ObjC";
				PRODUCT_NAME = "$(TARGET_NAME)";
				USER_HEADER_SEARCH_PATHS = expecta/build/Release;
				WRAPPER_EXTENSION = octest;
			};
			name = Debug;
		};
		B5DBD738175FABBA001F4709 /* Release */ = {
			isa = XCBuildConfiguration;
			buildSettings = {
				CLANG_CXX_LANGUAGE_STANDARD = "gnu++0x";
				CLANG_CXX_LIBRARY = "libc++";
				CLANG_WARN_CONSTANT_CONVERSION = YES;
				CLANG_WARN_EMPTY_BODY = YES;
				CLANG_WARN_ENUM_CONVERSION = YES;
				CLANG_WARN_INT_CONVERSION = YES;
				CLANG_WARN__DUPLICATE_METHOD_MATCH = YES;
				COMBINE_HIDPI_IMAGES = YES;
				FRAMEWORK_SEARCH_PATHS = "\"$(DEVELOPER_LIBRARY_DIR)/Frameworks\"";
				GCC_PRECOMPILE_PREFIX_HEADER = YES;
				GCC_PREFIX_HEADER = "WatchdogTests/WatchdogTests-Prefix.pch";
				INFOPLIST_FILE = "WatchdogTests/WatchdogTests-Info.plist";
				LIBRARY_SEARCH_PATHS = (
					"$(inherited)",
					"\"$(SRCROOT)/specta/build/Release\"",
					"\"$(SRCROOT)/expecta/build/Release\"",
				);
				OTHER_LDFLAGS = "-ObjC";
				PRODUCT_NAME = "$(TARGET_NAME)";
				USER_HEADER_SEARCH_PATHS = expecta/build/Release;
				WRAPPER_EXTENSION = octest;
			};
			name = Release;
		};
		B5F0B4FB14F54B8B0069FFAF /* Debug */ = {
			isa = XCBuildConfiguration;
			buildSettings = {
				ALWAYS_SEARCH_USER_PATHS = NO;
				CLANG_ENABLE_OBJC_ARC = YES;
				CLANG_WARN_BOOL_CONVERSION = YES;
				CLANG_WARN_CONSTANT_CONVERSION = YES;
				CLANG_WARN_EMPTY_BODY = YES;
				CLANG_WARN_ENUM_CONVERSION = YES;
				CLANG_WARN_INT_CONVERSION = YES;
				CLANG_WARN__DUPLICATE_METHOD_MATCH = YES;
				CODE_SIGN_IDENTITY = "";
				COPY_PHASE_STRIP = NO;
				GCC_C_LANGUAGE_STANDARD = gnu99;
				GCC_DYNAMIC_NO_PIC = NO;
				GCC_ENABLE_OBJC_EXCEPTIONS = YES;
				GCC_OPTIMIZATION_LEVEL = 0;
				GCC_PREPROCESSOR_DEFINITIONS = (
					"DEBUG=1",
					"$(inherited)",
				);
				GCC_SYMBOLS_PRIVATE_EXTERN = NO;
				GCC_VERSION = com.apple.compilers.llvm.clang.1_0;
				GCC_WARN_64_TO_32_BIT_CONVERSION = YES;
				GCC_WARN_ABOUT_MISSING_NEWLINE = YES;
				GCC_WARN_ABOUT_RETURN_TYPE = YES;
				GCC_WARN_UNDECLARED_SELECTOR = YES;
				GCC_WARN_UNINITIALIZED_AUTOS = YES;
				GCC_WARN_UNUSED_FUNCTION = YES;
				GCC_WARN_UNUSED_VARIABLE = YES;
				INSTALL_PATH = "@rpath";
				LD_RUNPATH_SEARCH_PATHS = "@loader_path/Frameworks";
				MACOSX_DEPLOYMENT_TARGET = 10.8;
				ONLY_ACTIVE_ARCH = YES;
				PROVISIONING_PROFILE = "";
				SDKROOT = macosx;
				VALID_ARCHS = x86_64;
			};
			name = Debug;
		};
		B5F0B4FC14F54B8B0069FFAF /* Release */ = {
			isa = XCBuildConfiguration;
			buildSettings = {
				ALWAYS_SEARCH_USER_PATHS = NO;
				CLANG_ENABLE_OBJC_ARC = YES;
				CLANG_WARN_BOOL_CONVERSION = YES;
				CLANG_WARN_CONSTANT_CONVERSION = YES;
				CLANG_WARN_EMPTY_BODY = YES;
				CLANG_WARN_ENUM_CONVERSION = YES;
				CLANG_WARN_INT_CONVERSION = YES;
				CLANG_WARN__DUPLICATE_METHOD_MATCH = YES;
				CODE_SIGN_IDENTITY = "";
				COPY_PHASE_STRIP = YES;
				DEBUG_INFORMATION_FORMAT = "dwarf-with-dsym";
				GCC_C_LANGUAGE_STANDARD = gnu99;
				GCC_ENABLE_OBJC_EXCEPTIONS = YES;
				GCC_VERSION = com.apple.compilers.llvm.clang.1_0;
				GCC_WARN_64_TO_32_BIT_CONVERSION = YES;
				GCC_WARN_ABOUT_MISSING_NEWLINE = YES;
				GCC_WARN_ABOUT_RETURN_TYPE = YES;
				GCC_WARN_UNDECLARED_SELECTOR = YES;
				GCC_WARN_UNINITIALIZED_AUTOS = YES;
				GCC_WARN_UNUSED_FUNCTION = YES;
				GCC_WARN_UNUSED_VARIABLE = YES;
				INSTALL_PATH = "@rpath";
				LD_RUNPATH_SEARCH_PATHS = "@loader_path/Frameworks";
				MACOSX_DEPLOYMENT_TARGET = 10.8;
				PROVISIONING_PROFILE = "";
				SDKROOT = macosx;
				VALID_ARCHS = x86_64;
			};
			name = Release;
		};
		B5F0B4FE14F54B8B0069FFAF /* Debug */ = {
			isa = XCBuildConfiguration;
			buildSettings = {
				COMBINE_HIDPI_IMAGES = YES;
				DYLIB_COMPATIBILITY_VERSION = 1;
				DYLIB_CURRENT_VERSION = 1;
				FRAMEWORK_VERSION = A;
				GCC_PRECOMPILE_PREFIX_HEADER = YES;
				GCC_PREFIX_HEADER = "Watchdog-Prefix.pch";
				INFOPLIST_FILE = "Watchdog-Info.plist";
				LIBRARY_SEARCH_PATHS = "$(inherited)";
				PRODUCT_NAME = "$(TARGET_NAME)";
				WRAPPER_EXTENSION = framework;
			};
			name = Debug;
		};
		B5F0B4FF14F54B8B0069FFAF /* Release */ = {
			isa = XCBuildConfiguration;
			buildSettings = {
				COMBINE_HIDPI_IMAGES = YES;
				DYLIB_COMPATIBILITY_VERSION = 1;
				DYLIB_CURRENT_VERSION = 1;
				FRAMEWORK_VERSION = A;
				GCC_PRECOMPILE_PREFIX_HEADER = YES;
				GCC_PREFIX_HEADER = "Watchdog-Prefix.pch";
				INFOPLIST_FILE = "Watchdog-Info.plist";
				LIBRARY_SEARCH_PATHS = "$(inherited)";
				PRODUCT_NAME = "$(TARGET_NAME)";
				WRAPPER_EXTENSION = framework;
			};
			name = Release;
		};
/* End XCBuildConfiguration section */

/* Begin XCConfigurationList section */
		B59516F018C2665100FE2026 /* Build configuration list for PBXNativeTarget "WatchdogResources" */ = {
			isa = XCConfigurationList;
			buildConfigurations = (
				B59516F118C2665100FE2026 /* Debug */,
				B59516F218C2665100FE2026 /* Release */,
			);
			defaultConfigurationIsVisible = 0;
			defaultConfigurationName = Release;
		};
		B5DBD739175FABBA001F4709 /* Build configuration list for PBXNativeTarget "WatchdogTests" */ = {
			isa = XCConfigurationList;
			buildConfigurations = (
				B5DBD737175FABBA001F4709 /* Debug */,
				B5DBD738175FABBA001F4709 /* Release */,
			);
			defaultConfigurationIsVisible = 0;
			defaultConfigurationName = Release;
		};
		B5F0B4E114F54B8B0069FFAF /* Build configuration list for PBXProject "Watchdog" */ = {
			isa = XCConfigurationList;
			buildConfigurations = (
				B5F0B4FB14F54B8B0069FFAF /* Debug */,
				B5F0B4FC14F54B8B0069FFAF /* Release */,
			);
			defaultConfigurationIsVisible = 0;
			defaultConfigurationName = Release;
		};
		B5F0B4FD14F54B8B0069FFAF /* Build configuration list for PBXNativeTarget "Watchdog" */ = {
			isa = XCConfigurationList;
			buildConfigurations = (
				B5F0B4FE14F54B8B0069FFAF /* Debug */,
				B5F0B4FF14F54B8B0069FFAF /* Release */,
			);
			defaultConfigurationIsVisible = 0;
			defaultConfigurationName = Release;
		};
/* End XCConfigurationList section */
	};
	rootObject = B5F0B4DE14F54B8B0069FFAF /* Project object */;
}
