// !$*UTF8*$!
{
	archiveVersion = 1;
	classes = {
	};
	objectVersion = 46;
	objects = {

/* Begin PBXBuildFile section */
		B509B68215D2DD6600F3B08C /* WDRegistrationWindow.xib in Resources */ = {isa = PBXBuildFile; fileRef = B509B68415D2DD6600F3B08C /* WDRegistrationWindow.xib */; };
		B509B68A15D2DDB600F3B08C /* WDSerialEntry.xib in Resources */ = {isa = PBXBuildFile; fileRef = B509B68C15D2DDB600F3B08C /* WDSerialEntry.xib */; };
		B509B69115D2DE2D00F3B08C /* WDRegistrationStatus.xib in Resources */ = {isa = PBXBuildFile; fileRef = B509B69315D2DE2D00F3B08C /* WDRegistrationStatus.xib */; };
		B53AA449155ED4B900745650 /* Security.framework in Frameworks */ = {isa = PBXBuildFile; fileRef = B53AA448155ED4B900745650 /* Security.framework */; };
		B58522BF15A4DD28008822D4 /* Localizable.strings in Resources */ = {isa = PBXBuildFile; fileRef = B58522C115A4DD28008822D4 /* Localizable.strings */; };
		B5C91ADE14F568DC009696B3 /* QuartzCore.framework in Frameworks */ = {isa = PBXBuildFile; fileRef = B5C91ADD14F568DC009696B3 /* QuartzCore.framework */; };
		B5E036BB159F8CBC00007230 /* WDRegistrationStatusController.m in Sources */ = {isa = PBXBuildFile; fileRef = B5E036BC159F8CBC00007230 /* WDRegistrationStatusController.m */; };
		B5F0B4EC14F54B8B0069FFAF /* Cocoa.framework in Frameworks */ = {isa = PBXBuildFile; fileRef = B5F0B4EB14F54B8B0069FFAF /* Cocoa.framework */; };
		B5F614FC14F54EB500C8565A /* WDRegistrationController.h in Headers */ = {isa = PBXBuildFile; fileRef = B5F614EF14F54EB500C8565A /* WDRegistrationController.h */; settings = {ATTRIBUTES = (Public, ); }; };
		B5F614FD14F54EB500C8565A /* WDRegistrationController.m in Sources */ = {isa = PBXBuildFile; fileRef = B5F614F014F54EB500C8565A /* WDRegistrationController.m */; };
		B5F614FF14F54EB500C8565A /* WDSerialEntryController.h in Headers */ = {isa = PBXBuildFile; fileRef = B5F614F214F54EB500C8565A /* WDSerialEntryController.h */; };
		B5F6150014F54EB500C8565A /* WDSerialEntryController.m in Sources */ = {isa = PBXBuildFile; fileRef = B5F614F314F54EB500C8565A /* WDSerialEntryController.m */; };
		B5F6150214F54EB500C8565A /* WDRegistrationStatusController.h in Headers */ = {isa = PBXBuildFile; fileRef = B5F614F514F54EB500C8565A /* WDRegistrationStatusController.h */; };
		B5F6150714F54EB500C8565A /* WDRegistrationWindowController.h in Headers */ = {isa = PBXBuildFile; fileRef = B5F614FA14F54EB500C8565A /* WDRegistrationWindowController.h */; };
		B5F6150814F54EB500C8565A /* WDRegistrationWindowController.m in Sources */ = {isa = PBXBuildFile; fileRef = B5F614FB14F54EB500C8565A /* WDRegistrationWindowController.m */; };
		B5F6150A14F54F0400C8565A /* Watchdog.h in Headers */ = {isa = PBXBuildFile; fileRef = B5F6150914F54F0400C8565A /* Watchdog.h */; settings = {ATTRIBUTES = (Public, ); }; };
		B5FDA838175E2E7B003D8998 /* KPToolbox.framework in Frameworks */ = {isa = PBXBuildFile; fileRef = B5FDA835175E2E70003D8998 /* KPToolbox.framework */; };
/* End PBXBuildFile section */

/* Begin PBXContainerItemProxy section */
		B5FDA834175E2E70003D8998 /* PBXContainerItemProxy */ = {
			isa = PBXContainerItemProxy;
			containerPortal = B5FDA830175E2E6F003D8998 /* KPToolbox.xcodeproj */;
			proxyType = 2;
			remoteGlobalIDString = B5EB581614F0FE7F00A3E708;
			remoteInfo = KPToolbox;
		};
		B5FDA836175E2E76003D8998 /* PBXContainerItemProxy */ = {
			isa = PBXContainerItemProxy;
			containerPortal = B5FDA830175E2E6F003D8998 /* KPToolbox.xcodeproj */;
			proxyType = 1;
			remoteGlobalIDString = B5EB581514F0FE7F00A3E708;
			remoteInfo = KPToolbox;
		};
/* End PBXContainerItemProxy section */

/* Begin PBXFileReference section */
		B509B68615D2DD7B00F3B08C /* Base */ = {isa = PBXFileReference; lastKnownFileType = file.xib; name = Base; path = Base.lproj/WDRegistrationWindow.xib; sourceTree = "<group>"; };
		B509B68815D2DD7F00F3B08C /* en */ = {isa = PBXFileReference; lastKnownFileType = text.plist.strings; name = en; path = en.lproj/WDRegistrationWindow.strings; sourceTree = "<group>"; };
		B509B68915D2DD8300F3B08C /* ru */ = {isa = PBXFileReference; lastKnownFileType = text.plist.strings; name = ru; path = ru.lproj/WDRegistrationWindow.strings; sourceTree = "<group>"; };
		B509B68D15D2DDB900F3B08C /* Base */ = {isa = PBXFileReference; lastKnownFileType = file.xib; name = Base; path = Base.lproj/WDSerialEntry.xib; sourceTree = "<group>"; };
		B509B68F15D2DDBB00F3B08C /* ru */ = {isa = PBXFileReference; lastKnownFileType = text.plist.strings; name = ru; path = ru.lproj/WDSerialEntry.strings; sourceTree = "<group>"; };
		B509B69015D2DDBE00F3B08C /* en */ = {isa = PBXFileReference; lastKnownFileType = text.plist.strings; name = en; path = en.lproj/WDSerialEntry.strings; sourceTree = "<group>"; };
		B509B69415D2DE3200F3B08C /* Base */ = {isa = PBXFileReference; lastKnownFileType = file.xib; name = Base; path = Base.lproj/WDRegistrationStatus.xib; sourceTree = "<group>"; };
		B509B69615D2DE3200F3B08C /* ru */ = {isa = PBXFileReference; lastKnownFileType = text.plist.strings; name = ru; path = ru.lproj/WDRegistrationStatus.strings; sourceTree = "<group>"; };
		B509B69715D2DE3500F3B08C /* en */ = {isa = PBXFileReference; lastKnownFileType = text.plist.strings; name = en; path = en.lproj/WDRegistrationStatus.strings; sourceTree = "<group>"; };
		B53AA448155ED4B900745650 /* Security.framework */ = {isa = PBXFileReference; lastKnownFileType = wrapper.framework; name = Security.framework; path = ../../../../System/Library/Frameworks/Security.framework; sourceTree = "<group>"; };
		B5421805175F8973008D056B /* Readme.md */ = {isa = PBXFileReference; lastKnownFileType = text; path = Readme.md; sourceTree = "<group>"; };
		B5421806175F8973008D056B /* License.md */ = {isa = PBXFileReference; lastKnownFileType = text; path = License.md; sourceTree = "<group>"; };
		B58522C015A4DD28008822D4 /* en */ = {isa = PBXFileReference; explicitFileType = text.plist.strings; fileEncoding = 10; name = en; path = en.lproj/Localizable.strings; sourceTree = "<group>"; };
		B58522C215A4DD36008822D4 /* ru */ = {isa = PBXFileReference; explicitFileType = text.plist.strings; fileEncoding = 10; name = ru; path = ru.lproj/Localizable.strings; sourceTree = "<group>"; };
		B5C91ADD14F568DC009696B3 /* QuartzCore.framework */ = {isa = PBXFileReference; lastKnownFileType = wrapper.framework; name = QuartzCore.framework; path = System/Library/Frameworks/QuartzCore.framework; sourceTree = SDKROOT; };
		B5E036BC159F8CBC00007230 /* WDRegistrationStatusController.m */ = {isa = PBXFileReference; lastKnownFileType = sourcecode.c.objc; path = WDRegistrationStatusController.m; sourceTree = SOURCE_ROOT; };
		B5F0B4E814F54B8B0069FFAF /* Watchdog.framework */ = {isa = PBXFileReference; explicitFileType = wrapper.framework; includeInIndex = 0; path = Watchdog.framework; sourceTree = BUILT_PRODUCTS_DIR; };
		B5F0B4EB14F54B8B0069FFAF /* Cocoa.framework */ = {isa = PBXFileReference; lastKnownFileType = wrapper.framework; name = Cocoa.framework; path = System/Library/Frameworks/Cocoa.framework; sourceTree = SDKROOT; };
		B5F0B50414F54C210069FFAF /* Watchdog-Info.plist */ = {isa = PBXFileReference; fileEncoding = 4; lastKnownFileType = text.plist.xml; path = "Watchdog-Info.plist"; sourceTree = SOURCE_ROOT; };
		B5F0B50514F54C210069FFAF /* Watchdog-Prefix.pch */ = {isa = PBXFileReference; fileEncoding = 4; lastKnownFileType = sourcecode.c.h; path = "Watchdog-Prefix.pch"; sourceTree = SOURCE_ROOT; };
		B5F614EF14F54EB500C8565A /* WDRegistrationController.h */ = {isa = PBXFileReference; fileEncoding = 4; lastKnownFileType = sourcecode.c.h; path = WDRegistrationController.h; sourceTree = SOURCE_ROOT; };
		B5F614F014F54EB500C8565A /* WDRegistrationController.m */ = {isa = PBXFileReference; fileEncoding = 4; lastKnownFileType = sourcecode.c.objc; path = WDRegistrationController.m; sourceTree = SOURCE_ROOT; };
		B5F614F214F54EB500C8565A /* WDSerialEntryController.h */ = {isa = PBXFileReference; fileEncoding = 4; lastKnownFileType = sourcecode.c.h; path = WDSerialEntryController.h; sourceTree = SOURCE_ROOT; };
		B5F614F314F54EB500C8565A /* WDSerialEntryController.m */ = {isa = PBXFileReference; fileEncoding = 4; lastKnownFileType = sourcecode.c.objc; path = WDSerialEntryController.m; sourceTree = SOURCE_ROOT; };
		B5F614F514F54EB500C8565A /* WDRegistrationStatusController.h */ = {isa = PBXFileReference; fileEncoding = 4; lastKnownFileType = sourcecode.c.h; path = WDRegistrationStatusController.h; sourceTree = SOURCE_ROOT; };
		B5F614FA14F54EB500C8565A /* WDRegistrationWindowController.h */ = {isa = PBXFileReference; fileEncoding = 4; lastKnownFileType = sourcecode.c.h; path = WDRegistrationWindowController.h; sourceTree = SOURCE_ROOT; };
		B5F614FB14F54EB500C8565A /* WDRegistrationWindowController.m */ = {isa = PBXFileReference; fileEncoding = 4; lastKnownFileType = sourcecode.c.objc; path = WDRegistrationWindowController.m; sourceTree = SOURCE_ROOT; };
		B5F6150914F54F0400C8565A /* Watchdog.h */ = {isa = PBXFileReference; fileEncoding = 4; lastKnownFileType = sourcecode.c.h; path = Watchdog.h; sourceTree = "<group>"; };
		B5FDA830175E2E6F003D8998 /* KPToolbox.xcodeproj */ = {isa = PBXFileReference; lastKnownFileType = "wrapper.pb-project"; name = KPToolbox.xcodeproj; path = KPToolbox/KPToolbox.xcodeproj; sourceTree = "<group>"; };
/* End PBXFileReference section */

/* Begin PBXFrameworksBuildPhase section */
		B5F0B4E414F54B8B0069FFAF /* Frameworks */ = {
			isa = PBXFrameworksBuildPhase;
			buildActionMask = 2147483647;
			files = (
				B5F0B4EC14F54B8B0069FFAF /* Cocoa.framework in Frameworks */,
				B5C91ADE14F568DC009696B3 /* QuartzCore.framework in Frameworks */,
				B53AA449155ED4B900745650 /* Security.framework in Frameworks */,
				B5FDA838175E2E7B003D8998 /* KPToolbox.framework in Frameworks */,
			);
			runOnlyForDeploymentPostprocessing = 0;
		};
/* End PBXFrameworksBuildPhase section */

/* Begin PBXGroup section */
		B5E0368E159DB4D100007230 /* Registration window controller */ = {
			isa = PBXGroup;
			children = (
				B5E036B0159F6FFA00007230 /* Serial entry controller */,
				B5E036B1159F700000007230 /* Registration status controller */,
				B5F614FA14F54EB500C8565A /* WDRegistrationWindowController.h */,
				B5F614FB14F54EB500C8565A /* WDRegistrationWindowController.m */,
				B509B68415D2DD6600F3B08C /* WDRegistrationWindow.xib */,
			);
			name = "Registration window controller";
			path = Watchdog;
			sourceTree = "<group>";
		};
		B5E036B0159F6FFA00007230 /* Serial entry controller */ = {
			isa = PBXGroup;
			children = (
				B5F614F214F54EB500C8565A /* WDSerialEntryController.h */,
				B5F614F314F54EB500C8565A /* WDSerialEntryController.m */,
				B509B68C15D2DDB600F3B08C /* WDSerialEntry.xib */,
			);
			name = "Serial entry controller";
			sourceTree = "<group>";
		};
		B5E036B1159F700000007230 /* Registration status controller */ = {
			isa = PBXGroup;
			children = (
				B5F614F514F54EB500C8565A /* WDRegistrationStatusController.h */,
				B5E036BC159F8CBC00007230 /* WDRegistrationStatusController.m */,
				B509B69315D2DE2D00F3B08C /* WDRegistrationStatus.xib */,
			);
			name = "Registration status controller";
			sourceTree = "<group>";
		};
		B5F0B4DC14F54B8B0069FFAF = {
			isa = PBXGroup;
			children = (
				B5FDA830175E2E6F003D8998 /* KPToolbox.xcodeproj */,
				B5421805175F8973008D056B /* Readme.md */,
				B5421806175F8973008D056B /* License.md */,
				B5F6150914F54F0400C8565A /* Watchdog.h */,
				B5F0B50514F54C210069FFAF /* Watchdog-Prefix.pch */,
				B5F0B50414F54C210069FFAF /* Watchdog-Info.plist */,
				B58522C115A4DD28008822D4 /* Localizable.strings */,
				B5F0B4F114F54B8B0069FFAF /* Registration controller */,
				B5E0368E159DB4D100007230 /* Registration window controller */,
				B5F0B4EA14F54B8B0069FFAF /* Frameworks */,
				B5F0B4E914F54B8B0069FFAF /* Products */,
			);
			sourceTree = "<group>";
		};
		B5F0B4E914F54B8B0069FFAF /* Products */ = {
			isa = PBXGroup;
			children = (
				B5F0B4E814F54B8B0069FFAF /* Watchdog.framework */,
			);
			name = Products;
			sourceTree = "<group>";
		};
		B5F0B4EA14F54B8B0069FFAF /* Frameworks */ = {
			isa = PBXGroup;
			children = (
				B5F0B4EB14F54B8B0069FFAF /* Cocoa.framework */,
				B53AA448155ED4B900745650 /* Security.framework */,
				B5C91ADD14F568DC009696B3 /* QuartzCore.framework */,
			);
			name = Frameworks;
			sourceTree = "<group>";
		};
		B5F0B4F114F54B8B0069FFAF /* Registration controller */ = {
			isa = PBXGroup;
			children = (
				B5F614EF14F54EB500C8565A /* WDRegistrationController.h */,
				B5F614F014F54EB500C8565A /* WDRegistrationController.m */,
			);
			name = "Registration controller";
			path = Watchdog;
			sourceTree = "<group>";
		};
		B5FDA831175E2E6F003D8998 /* Products */ = {
			isa = PBXGroup;
			children = (
				B5FDA835175E2E70003D8998 /* KPToolbox.framework */,
			);
			name = Products;
			sourceTree = "<group>";
		};
/* End PBXGroup section */

/* Begin PBXHeadersBuildPhase section */
		B5F0B4E514F54B8B0069FFAF /* Headers */ = {
			isa = PBXHeadersBuildPhase;
			buildActionMask = 2147483647;
			files = (
				B5F6150A14F54F0400C8565A /* Watchdog.h in Headers */,
				B5F614FC14F54EB500C8565A /* WDRegistrationController.h in Headers */,
				B5F614FF14F54EB500C8565A /* WDSerialEntryController.h in Headers */,
				B5F6150214F54EB500C8565A /* WDRegistrationStatusController.h in Headers */,
				B5F6150714F54EB500C8565A /* WDRegistrationWindowController.h in Headers */,
			);
			runOnlyForDeploymentPostprocessing = 0;
		};
/* End PBXHeadersBuildPhase section */

/* Begin PBXNativeTarget section */
		B5F0B4E714F54B8B0069FFAF /* Watchdog */ = {
			isa = PBXNativeTarget;
			buildConfigurationList = B5F0B4FD14F54B8B0069FFAF /* Build configuration list for PBXNativeTarget "Watchdog" */;
			buildPhases = (
				B5F0B4E314F54B8B0069FFAF /* Sources */,
				B5F0B4E414F54B8B0069FFAF /* Frameworks */,
				B5F0B4E514F54B8B0069FFAF /* Headers */,
				B5F0B4E614F54B8B0069FFAF /* Resources */,
			);
			buildRules = (
			);
			dependencies = (
				B5FDA837175E2E76003D8998 /* PBXTargetDependency */,
			);
			name = Watchdog;
			productName = Watchdog;
			productReference = B5F0B4E814F54B8B0069FFAF /* Watchdog.framework */;
			productType = "com.apple.product-type.framework";
		};
/* End PBXNativeTarget section */

/* Begin PBXProject section */
		B5F0B4DE14F54B8B0069FFAF /* Project object */ = {
			isa = PBXProject;
			attributes = {
				LastUpgradeCheck = 0450;
				ORGANIZATIONNAME = "Konstantin Pavlikhin";
			};
			buildConfigurationList = B5F0B4E114F54B8B0069FFAF /* Build configuration list for PBXProject "Watchdog" */;
			compatibilityVersion = "Xcode 3.2";
			developmentRegion = English;
			hasScannedForEncodings = 0;
			knownRegions = (
				en,
				ru,
				Base,
			);
			mainGroup = B5F0B4DC14F54B8B0069FFAF;
			productRefGroup = B5F0B4E914F54B8B0069FFAF /* Products */;
			projectDirPath = "";
			projectReferences = (
				{
					ProductGroup = B5FDA831175E2E6F003D8998 /* Products */;
					ProjectRef = B5FDA830175E2E6F003D8998 /* KPToolbox.xcodeproj */;
				},
			);
			projectRoot = "";
			targets = (
				B5F0B4E714F54B8B0069FFAF /* Watchdog */,
			);
		};
/* End PBXProject section */

/* Begin PBXReferenceProxy section */
		B5FDA835175E2E70003D8998 /* KPToolbox.framework */ = {
			isa = PBXReferenceProxy;
			fileType = wrapper.framework;
			path = KPToolbox.framework;
			remoteRef = B5FDA834175E2E70003D8998 /* PBXContainerItemProxy */;
			sourceTree = BUILT_PRODUCTS_DIR;
		};
/* End PBXReferenceProxy section */

/* Begin PBXResourcesBuildPhase section */
		B5F0B4E614F54B8B0069FFAF /* Resources */ = {
			isa = PBXResourcesBuildPhase;
			buildActionMask = 2147483647;
			files = (
				B509B68A15D2DDB600F3B08C /* WDSerialEntry.xib in Resources */,
				B509B69115D2DE2D00F3B08C /* WDRegistrationStatus.xib in Resources */,
				B509B68215D2DD6600F3B08C /* WDRegistrationWindow.xib in Resources */,
				B58522BF15A4DD28008822D4 /* Localizable.strings in Resources */,
			);
			runOnlyForDeploymentPostprocessing = 0;
		};
/* End PBXResourcesBuildPhase section */

/* Begin PBXSourcesBuildPhase section */
		B5F0B4E314F54B8B0069FFAF /* Sources */ = {
			isa = PBXSourcesBuildPhase;
			buildActionMask = 2147483647;
			files = (
				B5F614FD14F54EB500C8565A /* WDRegistrationController.m in Sources */,
				B5F6150014F54EB500C8565A /* WDSerialEntryController.m in Sources */,
				B5E036BB159F8CBC00007230 /* WDRegistrationStatusController.m in Sources */,
				B5F6150814F54EB500C8565A /* WDRegistrationWindowController.m in Sources */,
			);
			runOnlyForDeploymentPostprocessing = 0;
		};
/* End PBXSourcesBuildPhase section */

/* Begin PBXTargetDependency section */
		B5FDA837175E2E76003D8998 /* PBXTargetDependency */ = {
			isa = PBXTargetDependency;
			name = KPToolbox;
			targetProxy = B5FDA836175E2E76003D8998 /* PBXContainerItemProxy */;
		};
/* End PBXTargetDependency section */

/* Begin PBXVariantGroup section */
		B509B68415D2DD6600F3B08C /* WDRegistrationWindow.xib */ = {
			isa = PBXVariantGroup;
			children = (
				B509B68615D2DD7B00F3B08C /* Base */,
				B509B68815D2DD7F00F3B08C /* en */,
				B509B68915D2DD8300F3B08C /* ru */,
			);
			name = WDRegistrationWindow.xib;
			sourceTree = SOURCE_ROOT;
		};
		B509B68C15D2DDB600F3B08C /* WDSerialEntry.xib */ = {
			isa = PBXVariantGroup;
			children = (
				B509B68D15D2DDB900F3B08C /* Base */,
				B509B68F15D2DDBB00F3B08C /* ru */,
				B509B69015D2DDBE00F3B08C /* en */,
			);
			name = WDSerialEntry.xib;
			sourceTree = SOURCE_ROOT;
		};
		B509B69315D2DE2D00F3B08C /* WDRegistrationStatus.xib */ = {
			isa = PBXVariantGroup;
			children = (
				B509B69415D2DE3200F3B08C /* Base */,
				B509B69615D2DE3200F3B08C /* ru */,
				B509B69715D2DE3500F3B08C /* en */,
			);
			name = WDRegistrationStatus.xib;
			sourceTree = SOURCE_ROOT;
		};
		B58522C115A4DD28008822D4 /* Localizable.strings */ = {
			isa = PBXVariantGroup;
			children = (
				B58522C015A4DD28008822D4 /* en */,
				B58522C215A4DD36008822D4 /* ru */,
			);
			name = Localizable.strings;
			sourceTree = "<group>";
		};
/* End PBXVariantGroup section */

/* Begin XCBuildConfiguration section */
		B5F0B4FB14F54B8B0069FFAF /* Debug */ = {
			isa = XCBuildConfiguration;
			buildSettings = {
				ALWAYS_SEARCH_USER_PATHS = NO;
				ARCHS = "$(ARCHS_STANDARD_64_BIT)";
				CLANG_ENABLE_OBJC_ARC = YES;
				CODE_SIGN_IDENTITY = "Developer ID Application: Konstantin Pavlikhin";
				COPY_PHASE_STRIP = NO;
				GCC_C_LANGUAGE_STANDARD = gnu99;
				GCC_DYNAMIC_NO_PIC = NO;
				GCC_ENABLE_OBJC_EXCEPTIONS = YES;
				GCC_OPTIMIZATION_LEVEL = 0;
				GCC_PREPROCESSOR_DEFINITIONS = (
					"DEBUG=1",
					"$(inherited)",
				);
				GCC_SYMBOLS_PRIVATE_EXTERN = NO;
				GCC_VERSION = com.apple.compilers.llvm.clang.1_0;
				GCC_WARN_64_TO_32_BIT_CONVERSION = YES;
				GCC_WARN_ABOUT_MISSING_NEWLINE = YES;
				GCC_WARN_ABOUT_RETURN_TYPE = YES;
				GCC_WARN_UNINITIALIZED_AUTOS = YES;
				GCC_WARN_UNUSED_VARIABLE = YES;
				INSTALL_PATH = "@rpath";
				LD_RUNPATH_SEARCH_PATHS = "@loader_path/Frameworks";
				MACOSX_DEPLOYMENT_TARGET = 10.8;
				ONLY_ACTIVE_ARCH = YES;
				PROVISIONING_PROFILE = "";
				SDKROOT = macosx;
				VALID_ARCHS = x86_64;
			};
			name = Debug;
		};
		B5F0B4FC14F54B8B0069FFAF /* Release */ = {
			isa = XCBuildConfiguration;
			buildSettings = {
				ALWAYS_SEARCH_USER_PATHS = NO;
				ARCHS = "$(ARCHS_STANDARD_64_BIT)";
				CLANG_ENABLE_OBJC_ARC = YES;
				CODE_SIGN_IDENTITY = "Developer ID Application: Konstantin Pavlikhin";
				COPY_PHASE_STRIP = YES;
				DEBUG_INFORMATION_FORMAT = "dwarf-with-dsym";
				GCC_C_LANGUAGE_STANDARD = gnu99;
				GCC_ENABLE_OBJC_EXCEPTIONS = YES;
				GCC_VERSION = com.apple.compilers.llvm.clang.1_0;
				GCC_WARN_64_TO_32_BIT_CONVERSION = YES;
				GCC_WARN_ABOUT_MISSING_NEWLINE = YES;
				GCC_WARN_ABOUT_RETURN_TYPE = YES;
				GCC_WARN_UNINITIALIZED_AUTOS = YES;
				GCC_WARN_UNUSED_VARIABLE = YES;
				INSTALL_PATH = "@rpath";
				LD_RUNPATH_SEARCH_PATHS = "@loader_path/Frameworks";
				MACOSX_DEPLOYMENT_TARGET = 10.8;
				PROVISIONING_PROFILE = "";
				SDKROOT = macosx;
				VALID_ARCHS = x86_64;
			};
			name = Release;
		};
		B5F0B4FE14F54B8B0069FFAF /* Debug */ = {
			isa = XCBuildConfiguration;
			buildSettings = {
				COMBINE_HIDPI_IMAGES = YES;
				DYLIB_COMPATIBILITY_VERSION = 1;
				DYLIB_CURRENT_VERSION = 1;
				FRAMEWORK_VERSION = A;
				GCC_PRECOMPILE_PREFIX_HEADER = YES;
				GCC_PREFIX_HEADER = "Watchdog-Prefix.pch";
				INFOPLIST_FILE = "Watchdog-Info.plist";
				LIBRARY_SEARCH_PATHS = "$(inherited)";
				PRODUCT_NAME = "$(TARGET_NAME)";
				WRAPPER_EXTENSION = framework;
			};
			name = Debug;
		};
		B5F0B4FF14F54B8B0069FFAF /* Release */ = {
			isa = XCBuildConfiguration;
			buildSettings = {
				COMBINE_HIDPI_IMAGES = YES;
				DYLIB_COMPATIBILITY_VERSION = 1;
				DYLIB_CURRENT_VERSION = 1;
				FRAMEWORK_VERSION = A;
				GCC_PRECOMPILE_PREFIX_HEADER = YES;
				GCC_PREFIX_HEADER = "Watchdog-Prefix.pch";
				INFOPLIST_FILE = "Watchdog-Info.plist";
				LIBRARY_SEARCH_PATHS = "$(inherited)";
				PRODUCT_NAME = "$(TARGET_NAME)";
				WRAPPER_EXTENSION = framework;
			};
			name = Release;
		};
/* End XCBuildConfiguration section */

/* Begin XCConfigurationList section */
		B5F0B4E114F54B8B0069FFAF /* Build configuration list for PBXProject "Watchdog" */ = {
			isa = XCConfigurationList;
			buildConfigurations = (
				B5F0B4FB14F54B8B0069FFAF /* Debug */,
				B5F0B4FC14F54B8B0069FFAF /* Release */,
			);
			defaultConfigurationIsVisible = 0;
			defaultConfigurationName = Release;
		};
		B5F0B4FD14F54B8B0069FFAF /* Build configuration list for PBXNativeTarget "Watchdog" */ = {
			isa = XCConfigurationList;
			buildConfigurations = (
				B5F0B4FE14F54B8B0069FFAF /* Debug */,
				B5F0B4FF14F54B8B0069FFAF /* Release */,
			);
			defaultConfigurationIsVisible = 0;
			defaultConfigurationName = Release;
		};
/* End XCConfigurationList section */
	};
	rootObject = B5F0B4DE14F54B8B0069FFAF /* Project object */;
}
